
Microsoft Visual Studio Solution File, Format Version 11.00
# Visual Studio 2010
Project("{8BC9CEB8-8B4A-11D0-8D11-00A0C91BC942}") = "Theron", "Source\Theron.vcxproj", "{7B89C551-12A3-4CC3-9B11-2C4FDF2EC48E}"
EndProject
Project("{8BC9CEB8-8B4A-11D0-8D11-00A0C91BC942}") = "CreatingAnActor", "Samples\CreatingAnActor\CreatingAnActor.vcxproj", "{FDEC3D08-70CC-4B16-98DB-1CA3DA8AEAD4}"
EndProject
Project("{8BC9CEB8-8B4A-11D0-8D11-00A0C91BC942}") = "InitializingAnActor", "Samples\InitializingAnActor\InitializingAnActor.vcxproj", "{A2ADF1E2-555D-4F4B-B54B-AF00F44A1EE4}"
EndProject
Project("{8BC9CEB8-8B4A-11D0-8D11-00A0C91BC942}") = "DefaultMessageHandler", "Samples\DefaultMessageHandler\DefaultMessageHandler.vcxproj", "{AA5243CF-58E3-4C07-933C-9BCF0282F291}"
EndProject
Project("{8BC9CEB8-8B4A-11D0-8D11-00A0C91BC942}") = "TerminatingTheFramework", "Samples\TerminatingTheFramework\TerminatingTheFramework.vcxproj", "{EC3FDE35-9035-44B5-8034-E52EE3AC3A14}"
EndProject
Project("{8BC9CEB8-8B4A-11D0-8D11-00A0C91BC942}") = "InitializingTheFramework", "Samples\InitializingTheFramework\InitializingTheFramework.vcxproj", "{987EF808-E877-4BDB-B9EC-8A6F63D0862C}"
EndProject
Project("{8BC9CEB8-8B4A-11D0-8D11-00A0C91BC942}") = "UnitTests", "UnitTests\UnitTests.vcxproj", "{CA503BD2-DDC1-4CF4-9D76-F436DF8BA2B4}"
EndProject
Project("{8BC9CEB8-8B4A-11D0-8D11-00A0C91BC942}") = "SendingMessages", "Samples\SendingMessages\SendingMessages.vcxproj", "{FE2A385A-544E-424E-936F-9CB2B0EB5C0D}"
EndProject
Project("{8BC9CEB8-8B4A-11D0-8D11-00A0C91BC942}") = "HandlingMessages", "Samples\HandlingMessages\HandlingMessages.vcxproj", "{FCD6CA9B-705E-4EF6-BA3A-C6C2DAD36D05}"
EndProject
Project("{8BC9CEB8-8B4A-11D0-8D11-00A0C91BC942}") = "DynamicHandlerRegistration", "Samples\DynamicHandlerRegistration\DynamicHandlerRegistration.vcxproj", "{3736EA35-2243-4473-B20B-B7B0F1AC5A33}"
EndProject
Project("{8BC9CEB8-8B4A-11D0-8D11-00A0C91BC942}") = "ActorReferences", "Samples\ActorReferences\ActorReferences.vcxproj", "{9B7E1F93-4751-4198-B98E-2468C1EED4A7}"
EndProject
Project("{8BC9CEB8-8B4A-11D0-8D11-00A0C91BC942}") = "CustomAllocator", "Samples\CustomAllocator\CustomAllocator.vcxproj", "{98A893EE-5134-4E95-9E94-DC732F24C3B0}"
EndProject
Project("{8BC9CEB8-8B4A-11D0-8D11-00A0C91BC942}") = "DerivedMessageTypes", "Samples\DerivedMessageTypes\DerivedMessageTypes.vcxproj", "{2720DC5E-1010-48D2-A30E-E5308B504D65}"
EndProject
Project("{8BC9CEB8-8B4A-11D0-8D11-00A0C91BC942}") = "Receiver", "Samples\Receiver\Receiver.vcxproj", "{0DD1EED5-D0FA-49A5-BE29-51651E31F5C0}"
EndProject
Project("{8BC9CEB8-8B4A-11D0-8D11-00A0C91BC942}") = "MultipleFrameworks", "Samples\MultipleFrameworks\MultipleFrameworks.vcxproj", "{43B87FE0-0264-4F7A-B9A7-27BCB21FF3DA}"
EndProject
Project("{8BC9CEB8-8B4A-11D0-8D11-00A0C91BC942}") = "RegisteringMessages", "Samples\RegisteringMessages\RegisteringMessages.vcxproj", "{95F5E666-BAE9-418F-BC64-FBB04FA94383}"
EndProject
Project("{8BC9CEB8-8B4A-11D0-8D11-00A0C91BC942}") = "AligningActors", "Samples\AligningActors\AligningActors.vcxproj", "{E8A6DB79-1438-45B2-9795-E7A646D6147C}"
EndProject
Project("{8BC9CEB8-8B4A-11D0-8D11-00A0C91BC942}") = "AligningMessages", "Samples\AligningMessages\AligningMessages.vcxproj", "{468BD38C-24DA-469C-A398-2569CC30CC9B}"
EndProject
Project("{8BC9CEB8-8B4A-11D0-8D11-00A0C91BC942}") = "MeasuringThreadUtilization", "Samples\MeasuringThreadUtilization\MeasuringThreadUtilization.vcxproj", "{D371EBF2-147D-4FF1-8DC9-C66969532DB8}"
EndProject
Project("{8BC9CEB8-8B4A-11D0-8D11-00A0C91BC942}") = "SettingTheThreadCount", "Samples\SettingTheThreadCount\SettingTheThreadCount.vcxproj", "{83BE6002-AC46-429E-818B-5FB9A1933FB7}"
EndProject
Project("{8BC9CEB8-8B4A-11D0-8D11-00A0C91BC942}") = "NonTrivialMessages", "Samples\NonTrivialMessages\NonTrivialMessages.vcxproj", "{EC3F4B21-1356-4592-BC06-E2210458B73D}"
EndProject
Project("{8BC9CEB8-8B4A-11D0-8D11-00A0C91BC942}") = "EnvelopeMessages", "Samples\EnvelopeMessages\EnvelopeMessages.vcxproj", "{F43D91D0-CD48-427C-A446-79A146D9B012}"
EndProject
Project("{8BC9CEB8-8B4A-11D0-8D11-00A0C91BC942}") = "ThreadRing", "Benchmarks\ThreadRing\ThreadRing.vcxproj", "{F323FA25-FCA3-45D2-BD30-A6F824F8D5A9}"
EndProject
Project("{8BC9CEB8-8B4A-11D0-8D11-00A0C91BC942}") = "CountingActor", "Benchmarks\CountingActor\CountingActor.vcxproj", "{A796B0F5-D9CF-4BD2-A2E1-C9C2EF3F25C7}"
EndProject
Project("{8BC9CEB8-8B4A-11D0-8D11-00A0C91BC942}") = "ActorOverhead", "Benchmarks\ActorOverhead\ActorOverhead.vcxproj", "{DF801517-AF6F-436C-BA71-341483374DB9}"
EndProject
Project("{8BC9CEB8-8B4A-11D0-8D11-00A0C91BC942}") = "FileReader", "Samples\FileReader\FileReader.vcxproj", "{03042733-8899-4DDD-8419-8972A619FDCE}"
EndProject
Project("{8BC9CEB8-8B4A-11D0-8D11-00A0C91BC942}") = "ManagingTheThreadpool", "Samples\ManagingTheThreadpool\ManagingTheThreadpool.vcxproj", "{E2B3F10E-C381-4C10-86E0-AB5E7BB4D4A3}"
EndProject
Project("{8BC9CEB8-8B4A-11D0-8D11-00A0C91BC942}") = "ProducerConsumer", "Benchmarks\ProducerConsumer\ProducerConsumer.vcxproj", "{51CE575E-2096-4C4B-A749-DC851DDCA6D9}"
EndProject
Project("{8BC9CEB8-8B4A-11D0-8D11-00A0C91BC942}") = "ParallelThreadRing", "Benchmarks\ParallelThreadRing\ParallelThreadRing.vcxproj", "{0B4D9672-ADC7-4848-B312-F0805B594D02}"
EndProject
Project("{8BC9CEB8-8B4A-11D0-8D11-00A0C91BC942}") = "PingPong", "Benchmarks\PingPong\PingPong.vcxproj", "{FC7F8782-BDBC-4BB2-920C-666BA7D4AB9B}"
EndProject
Project("{2150E333-8FDC-42A3-9474-1A3956D46DE8}") = "Benchmarks", "Benchmarks", "{7515E893-E105-464E-8016-D883AEB55A2E}"
EndProject
Project("{2150E333-8FDC-42A3-9474-1A3956D46DE8}") = "Samples", "Samples", "{9D356C98-020B-47E9-A711-9BC5E909F621}"
EndProject
Project("{2150E333-8FDC-42A3-9474-1A3956D46DE8}") = "Tests", "Tests", "{E7BC37AF-4FB5-4235-BF5B-3E94F06F434F}"
EndProject
Project("{8BC9CEB8-8B4A-11D0-8D11-00A0C91BC942}") = "FallbackHandler", "Samples\FallbackHandler\FallbackHandler.vcxproj", "{1D09B49C-7FB5-47BA-8427-78B7912181D1}"
EndProject
Project("{8BC9CEB8-8B4A-11D0-8D11-00A0C91BC942}") = "NestedActors", "Samples\NestedActors\NestedActors.vcxproj", "{36D5973E-5266-4BA2-B6B1-4045D12FD49D}"
EndProject
Project("{8BC9CEB8-8B4A-11D0-8D11-00A0C91BC942}") = "MixedScenario", "Benchmarks\MixedScenario\MixedScenario.vcxproj", "{EBC7B2E2-5210-47BF-872E-79BE041BDA73}"
EndProject
Global
	GlobalSection(SolutionConfigurationPlatforms) = preSolution
		Boost Debug|Win32 = Boost Debug|Win32
		Boost Debug|x64 = Boost Debug|x64
		Boost Release|Win32 = Boost Release|Win32
		Boost Release|x64 = Boost Release|x64
		Std Debug|Win32 = Std Debug|Win32
		Std Debug|x64 = Std Debug|x64
		Std Release|Win32 = Std Release|Win32
		Std Release|x64 = Std Release|x64
		Windows Debug|Win32 = Windows Debug|Win32
		Windows Debug|x64 = Windows Debug|x64
		Windows Release|Win32 = Windows Release|Win32
		Windows Release|x64 = Windows Release|x64
	EndGlobalSection
	GlobalSection(ProjectConfigurationPlatforms) = postSolution
		{7B89C551-12A3-4CC3-9B11-2C4FDF2EC48E}.Boost Debug|Win32.ActiveCfg = Boost Debug|Win32
		{7B89C551-12A3-4CC3-9B11-2C4FDF2EC48E}.Boost Debug|Win32.Build.0 = Boost Debug|Win32
		{7B89C551-12A3-4CC3-9B11-2C4FDF2EC48E}.Boost Debug|x64.ActiveCfg = Boost Debug|x64
		{7B89C551-12A3-4CC3-9B11-2C4FDF2EC48E}.Boost Debug|x64.Build.0 = Boost Debug|x64
		{7B89C551-12A3-4CC3-9B11-2C4FDF2EC48E}.Boost Release|Win32.ActiveCfg = Boost Release|Win32
		{7B89C551-12A3-4CC3-9B11-2C4FDF2EC48E}.Boost Release|Win32.Build.0 = Boost Release|Win32
		{7B89C551-12A3-4CC3-9B11-2C4FDF2EC48E}.Boost Release|x64.ActiveCfg = Boost Release|x64
		{7B89C551-12A3-4CC3-9B11-2C4FDF2EC48E}.Boost Release|x64.Build.0 = Boost Release|x64
		{7B89C551-12A3-4CC3-9B11-2C4FDF2EC48E}.Std Debug|Win32.ActiveCfg = Std Debug|Win32
		{7B89C551-12A3-4CC3-9B11-2C4FDF2EC48E}.Std Debug|Win32.Build.0 = Std Debug|Win32
		{7B89C551-12A3-4CC3-9B11-2C4FDF2EC48E}.Std Debug|x64.ActiveCfg = Std Debug|x64
		{7B89C551-12A3-4CC3-9B11-2C4FDF2EC48E}.Std Debug|x64.Build.0 = Std Debug|x64
		{7B89C551-12A3-4CC3-9B11-2C4FDF2EC48E}.Std Release|Win32.ActiveCfg = Std Release|Win32
		{7B89C551-12A3-4CC3-9B11-2C4FDF2EC48E}.Std Release|Win32.Build.0 = Std Release|Win32
		{7B89C551-12A3-4CC3-9B11-2C4FDF2EC48E}.Std Release|x64.ActiveCfg = Std Release|x64
		{7B89C551-12A3-4CC3-9B11-2C4FDF2EC48E}.Std Release|x64.Build.0 = Std Release|x64
		{7B89C551-12A3-4CC3-9B11-2C4FDF2EC48E}.Windows Debug|Win32.ActiveCfg = Windows Debug|Win32
		{7B89C551-12A3-4CC3-9B11-2C4FDF2EC48E}.Windows Debug|Win32.Build.0 = Windows Debug|Win32
		{7B89C551-12A3-4CC3-9B11-2C4FDF2EC48E}.Windows Debug|x64.ActiveCfg = Windows Debug|x64
		{7B89C551-12A3-4CC3-9B11-2C4FDF2EC48E}.Windows Debug|x64.Build.0 = Windows Debug|x64
		{7B89C551-12A3-4CC3-9B11-2C4FDF2EC48E}.Windows Release|Win32.ActiveCfg = Windows Release|Win32
		{7B89C551-12A3-4CC3-9B11-2C4FDF2EC48E}.Windows Release|Win32.Build.0 = Windows Release|Win32
		{7B89C551-12A3-4CC3-9B11-2C4FDF2EC48E}.Windows Release|x64.ActiveCfg = Windows Release|x64
		{7B89C551-12A3-4CC3-9B11-2C4FDF2EC48E}.Windows Release|x64.Build.0 = Windows Release|x64
		{FDEC3D08-70CC-4B16-98DB-1CA3DA8AEAD4}.Boost Debug|Win32.ActiveCfg = Boost Debug|Win32
		{FDEC3D08-70CC-4B16-98DB-1CA3DA8AEAD4}.Boost Debug|Win32.Build.0 = Boost Debug|Win32
		{FDEC3D08-70CC-4B16-98DB-1CA3DA8AEAD4}.Boost Debug|x64.ActiveCfg = Boost Debug|x64
		{FDEC3D08-70CC-4B16-98DB-1CA3DA8AEAD4}.Boost Debug|x64.Build.0 = Boost Debug|x64
		{FDEC3D08-70CC-4B16-98DB-1CA3DA8AEAD4}.Boost Release|Win32.ActiveCfg = Boost Release|Win32
		{FDEC3D08-70CC-4B16-98DB-1CA3DA8AEAD4}.Boost Release|Win32.Build.0 = Boost Release|Win32
		{FDEC3D08-70CC-4B16-98DB-1CA3DA8AEAD4}.Boost Release|x64.ActiveCfg = Boost Release|x64
		{FDEC3D08-70CC-4B16-98DB-1CA3DA8AEAD4}.Boost Release|x64.Build.0 = Boost Release|x64
		{FDEC3D08-70CC-4B16-98DB-1CA3DA8AEAD4}.Std Debug|Win32.ActiveCfg = Std Debug|Win32
		{FDEC3D08-70CC-4B16-98DB-1CA3DA8AEAD4}.Std Debug|Win32.Build.0 = Std Debug|Win32
		{FDEC3D08-70CC-4B16-98DB-1CA3DA8AEAD4}.Std Debug|x64.ActiveCfg = Std Debug|x64
		{FDEC3D08-70CC-4B16-98DB-1CA3DA8AEAD4}.Std Debug|x64.Build.0 = Std Debug|x64
		{FDEC3D08-70CC-4B16-98DB-1CA3DA8AEAD4}.Std Release|Win32.ActiveCfg = Std Release|Win32
		{FDEC3D08-70CC-4B16-98DB-1CA3DA8AEAD4}.Std Release|Win32.Build.0 = Std Release|Win32
		{FDEC3D08-70CC-4B16-98DB-1CA3DA8AEAD4}.Std Release|x64.ActiveCfg = Std Release|x64
		{FDEC3D08-70CC-4B16-98DB-1CA3DA8AEAD4}.Std Release|x64.Build.0 = Std Release|x64
		{FDEC3D08-70CC-4B16-98DB-1CA3DA8AEAD4}.Windows Debug|Win32.ActiveCfg = Windows Debug|Win32
		{FDEC3D08-70CC-4B16-98DB-1CA3DA8AEAD4}.Windows Debug|Win32.Build.0 = Windows Debug|Win32
		{FDEC3D08-70CC-4B16-98DB-1CA3DA8AEAD4}.Windows Debug|x64.ActiveCfg = Windows Debug|x64
		{FDEC3D08-70CC-4B16-98DB-1CA3DA8AEAD4}.Windows Debug|x64.Build.0 = Windows Debug|x64
		{FDEC3D08-70CC-4B16-98DB-1CA3DA8AEAD4}.Windows Release|Win32.ActiveCfg = Windows Release|Win32
		{FDEC3D08-70CC-4B16-98DB-1CA3DA8AEAD4}.Windows Release|Win32.Build.0 = Windows Release|Win32
		{FDEC3D08-70CC-4B16-98DB-1CA3DA8AEAD4}.Windows Release|x64.ActiveCfg = Windows Release|x64
		{FDEC3D08-70CC-4B16-98DB-1CA3DA8AEAD4}.Windows Release|x64.Build.0 = Windows Release|x64
		{A2ADF1E2-555D-4F4B-B54B-AF00F44A1EE4}.Boost Debug|Win32.ActiveCfg = Boost Debug|Win32
		{A2ADF1E2-555D-4F4B-B54B-AF00F44A1EE4}.Boost Debug|Win32.Build.0 = Boost Debug|Win32
		{A2ADF1E2-555D-4F4B-B54B-AF00F44A1EE4}.Boost Debug|x64.ActiveCfg = Boost Debug|x64
		{A2ADF1E2-555D-4F4B-B54B-AF00F44A1EE4}.Boost Debug|x64.Build.0 = Boost Debug|x64
		{A2ADF1E2-555D-4F4B-B54B-AF00F44A1EE4}.Boost Release|Win32.ActiveCfg = Boost Release|Win32
		{A2ADF1E2-555D-4F4B-B54B-AF00F44A1EE4}.Boost Release|Win32.Build.0 = Boost Release|Win32
		{A2ADF1E2-555D-4F4B-B54B-AF00F44A1EE4}.Boost Release|x64.ActiveCfg = Boost Release|x64
		{A2ADF1E2-555D-4F4B-B54B-AF00F44A1EE4}.Boost Release|x64.Build.0 = Boost Release|x64
		{A2ADF1E2-555D-4F4B-B54B-AF00F44A1EE4}.Std Debug|Win32.ActiveCfg = Std Debug|Win32
		{A2ADF1E2-555D-4F4B-B54B-AF00F44A1EE4}.Std Debug|Win32.Build.0 = Std Debug|Win32
		{A2ADF1E2-555D-4F4B-B54B-AF00F44A1EE4}.Std Debug|x64.ActiveCfg = Std Debug|x64
		{A2ADF1E2-555D-4F4B-B54B-AF00F44A1EE4}.Std Debug|x64.Build.0 = Std Debug|x64
		{A2ADF1E2-555D-4F4B-B54B-AF00F44A1EE4}.Std Release|Win32.ActiveCfg = Std Release|Win32
		{A2ADF1E2-555D-4F4B-B54B-AF00F44A1EE4}.Std Release|Win32.Build.0 = Std Release|Win32
		{A2ADF1E2-555D-4F4B-B54B-AF00F44A1EE4}.Std Release|x64.ActiveCfg = Std Release|x64
		{A2ADF1E2-555D-4F4B-B54B-AF00F44A1EE4}.Std Release|x64.Build.0 = Std Release|x64
		{A2ADF1E2-555D-4F4B-B54B-AF00F44A1EE4}.Windows Debug|Win32.ActiveCfg = Windows Debug|Win32
		{A2ADF1E2-555D-4F4B-B54B-AF00F44A1EE4}.Windows Debug|Win32.Build.0 = Windows Debug|Win32
		{A2ADF1E2-555D-4F4B-B54B-AF00F44A1EE4}.Windows Debug|x64.ActiveCfg = Windows Debug|x64
		{A2ADF1E2-555D-4F4B-B54B-AF00F44A1EE4}.Windows Debug|x64.Build.0 = Windows Debug|x64
		{A2ADF1E2-555D-4F4B-B54B-AF00F44A1EE4}.Windows Release|Win32.ActiveCfg = Windows Release|Win32
		{A2ADF1E2-555D-4F4B-B54B-AF00F44A1EE4}.Windows Release|Win32.Build.0 = Windows Release|Win32
		{A2ADF1E2-555D-4F4B-B54B-AF00F44A1EE4}.Windows Release|x64.ActiveCfg = Windows Release|x64
		{A2ADF1E2-555D-4F4B-B54B-AF00F44A1EE4}.Windows Release|x64.Build.0 = Windows Release|x64
		{AA5243CF-58E3-4C07-933C-9BCF0282F291}.Boost Debug|Win32.ActiveCfg = Boost Debug|Win32
		{AA5243CF-58E3-4C07-933C-9BCF0282F291}.Boost Debug|Win32.Build.0 = Boost Debug|Win32
		{AA5243CF-58E3-4C07-933C-9BCF0282F291}.Boost Debug|x64.ActiveCfg = Boost Debug|x64
		{AA5243CF-58E3-4C07-933C-9BCF0282F291}.Boost Debug|x64.Build.0 = Boost Debug|x64
		{AA5243CF-58E3-4C07-933C-9BCF0282F291}.Boost Release|Win32.ActiveCfg = Boost Release|Win32
		{AA5243CF-58E3-4C07-933C-9BCF0282F291}.Boost Release|Win32.Build.0 = Boost Release|Win32
		{AA5243CF-58E3-4C07-933C-9BCF0282F291}.Boost Release|x64.ActiveCfg = Boost Release|x64
		{AA5243CF-58E3-4C07-933C-9BCF0282F291}.Boost Release|x64.Build.0 = Boost Release|x64
		{AA5243CF-58E3-4C07-933C-9BCF0282F291}.Std Debug|Win32.ActiveCfg = Std Debug|Win32
		{AA5243CF-58E3-4C07-933C-9BCF0282F291}.Std Debug|Win32.Build.0 = Std Debug|Win32
		{AA5243CF-58E3-4C07-933C-9BCF0282F291}.Std Debug|x64.ActiveCfg = Std Debug|x64
		{AA5243CF-58E3-4C07-933C-9BCF0282F291}.Std Debug|x64.Build.0 = Std Debug|x64
		{AA5243CF-58E3-4C07-933C-9BCF0282F291}.Std Release|Win32.ActiveCfg = Std Release|Win32
		{AA5243CF-58E3-4C07-933C-9BCF0282F291}.Std Release|Win32.Build.0 = Std Release|Win32
		{AA5243CF-58E3-4C07-933C-9BCF0282F291}.Std Release|x64.ActiveCfg = Std Release|x64
		{AA5243CF-58E3-4C07-933C-9BCF0282F291}.Std Release|x64.Build.0 = Std Release|x64
		{AA5243CF-58E3-4C07-933C-9BCF0282F291}.Windows Debug|Win32.ActiveCfg = Windows Debug|Win32
		{AA5243CF-58E3-4C07-933C-9BCF0282F291}.Windows Debug|Win32.Build.0 = Windows Debug|Win32
		{AA5243CF-58E3-4C07-933C-9BCF0282F291}.Windows Debug|x64.ActiveCfg = Windows Debug|x64
		{AA5243CF-58E3-4C07-933C-9BCF0282F291}.Windows Debug|x64.Build.0 = Windows Debug|x64
		{AA5243CF-58E3-4C07-933C-9BCF0282F291}.Windows Release|Win32.ActiveCfg = Windows Release|Win32
		{AA5243CF-58E3-4C07-933C-9BCF0282F291}.Windows Release|Win32.Build.0 = Windows Release|Win32
		{AA5243CF-58E3-4C07-933C-9BCF0282F291}.Windows Release|x64.ActiveCfg = Windows Release|x64
		{AA5243CF-58E3-4C07-933C-9BCF0282F291}.Windows Release|x64.Build.0 = Windows Release|x64
		{EC3FDE35-9035-44B5-8034-E52EE3AC3A14}.Boost Debug|Win32.ActiveCfg = Boost Debug|Win32
		{EC3FDE35-9035-44B5-8034-E52EE3AC3A14}.Boost Debug|Win32.Build.0 = Boost Debug|Win32
		{EC3FDE35-9035-44B5-8034-E52EE3AC3A14}.Boost Debug|x64.ActiveCfg = Boost Debug|x64
		{EC3FDE35-9035-44B5-8034-E52EE3AC3A14}.Boost Debug|x64.Build.0 = Boost Debug|x64
		{EC3FDE35-9035-44B5-8034-E52EE3AC3A14}.Boost Release|Win32.ActiveCfg = Boost Release|Win32
		{EC3FDE35-9035-44B5-8034-E52EE3AC3A14}.Boost Release|Win32.Build.0 = Boost Release|Win32
		{EC3FDE35-9035-44B5-8034-E52EE3AC3A14}.Boost Release|x64.ActiveCfg = Boost Release|x64
		{EC3FDE35-9035-44B5-8034-E52EE3AC3A14}.Boost Release|x64.Build.0 = Boost Release|x64
		{EC3FDE35-9035-44B5-8034-E52EE3AC3A14}.Std Debug|Win32.ActiveCfg = Std Debug|Win32
		{EC3FDE35-9035-44B5-8034-E52EE3AC3A14}.Std Debug|Win32.Build.0 = Std Debug|Win32
		{EC3FDE35-9035-44B5-8034-E52EE3AC3A14}.Std Debug|x64.ActiveCfg = Std Debug|x64
		{EC3FDE35-9035-44B5-8034-E52EE3AC3A14}.Std Debug|x64.Build.0 = Std Debug|x64
		{EC3FDE35-9035-44B5-8034-E52EE3AC3A14}.Std Release|Win32.ActiveCfg = Std Release|Win32
		{EC3FDE35-9035-44B5-8034-E52EE3AC3A14}.Std Release|Win32.Build.0 = Std Release|Win32
		{EC3FDE35-9035-44B5-8034-E52EE3AC3A14}.Std Release|x64.ActiveCfg = Std Release|x64
		{EC3FDE35-9035-44B5-8034-E52EE3AC3A14}.Std Release|x64.Build.0 = Std Release|x64
		{EC3FDE35-9035-44B5-8034-E52EE3AC3A14}.Windows Debug|Win32.ActiveCfg = Windows Debug|Win32
		{EC3FDE35-9035-44B5-8034-E52EE3AC3A14}.Windows Debug|Win32.Build.0 = Windows Debug|Win32
		{EC3FDE35-9035-44B5-8034-E52EE3AC3A14}.Windows Debug|x64.ActiveCfg = Windows Debug|x64
		{EC3FDE35-9035-44B5-8034-E52EE3AC3A14}.Windows Debug|x64.Build.0 = Windows Debug|x64
		{EC3FDE35-9035-44B5-8034-E52EE3AC3A14}.Windows Release|Win32.ActiveCfg = Windows Release|Win32
		{EC3FDE35-9035-44B5-8034-E52EE3AC3A14}.Windows Release|Win32.Build.0 = Windows Release|Win32
		{EC3FDE35-9035-44B5-8034-E52EE3AC3A14}.Windows Release|x64.ActiveCfg = Windows Release|x64
		{EC3FDE35-9035-44B5-8034-E52EE3AC3A14}.Windows Release|x64.Build.0 = Windows Release|x64
		{987EF808-E877-4BDB-B9EC-8A6F63D0862C}.Boost Debug|Win32.ActiveCfg = Boost Debug|Win32
		{987EF808-E877-4BDB-B9EC-8A6F63D0862C}.Boost Debug|Win32.Build.0 = Boost Debug|Win32
		{987EF808-E877-4BDB-B9EC-8A6F63D0862C}.Boost Debug|x64.ActiveCfg = Boost Debug|x64
		{987EF808-E877-4BDB-B9EC-8A6F63D0862C}.Boost Debug|x64.Build.0 = Boost Debug|x64
		{987EF808-E877-4BDB-B9EC-8A6F63D0862C}.Boost Release|Win32.ActiveCfg = Boost Release|Win32
		{987EF808-E877-4BDB-B9EC-8A6F63D0862C}.Boost Release|Win32.Build.0 = Boost Release|Win32
		{987EF808-E877-4BDB-B9EC-8A6F63D0862C}.Boost Release|x64.ActiveCfg = Boost Release|x64
		{987EF808-E877-4BDB-B9EC-8A6F63D0862C}.Boost Release|x64.Build.0 = Boost Release|x64
		{987EF808-E877-4BDB-B9EC-8A6F63D0862C}.Std Debug|Win32.ActiveCfg = Std Debug|Win32
		{987EF808-E877-4BDB-B9EC-8A6F63D0862C}.Std Debug|Win32.Build.0 = Std Debug|Win32
		{987EF808-E877-4BDB-B9EC-8A6F63D0862C}.Std Debug|x64.ActiveCfg = Std Debug|x64
		{987EF808-E877-4BDB-B9EC-8A6F63D0862C}.Std Debug|x64.Build.0 = Std Debug|x64
		{987EF808-E877-4BDB-B9EC-8A6F63D0862C}.Std Release|Win32.ActiveCfg = Std Release|Win32
		{987EF808-E877-4BDB-B9EC-8A6F63D0862C}.Std Release|Win32.Build.0 = Std Release|Win32
		{987EF808-E877-4BDB-B9EC-8A6F63D0862C}.Std Release|x64.ActiveCfg = Std Release|x64
		{987EF808-E877-4BDB-B9EC-8A6F63D0862C}.Std Release|x64.Build.0 = Std Release|x64
		{987EF808-E877-4BDB-B9EC-8A6F63D0862C}.Windows Debug|Win32.ActiveCfg = Windows Debug|Win32
		{987EF808-E877-4BDB-B9EC-8A6F63D0862C}.Windows Debug|Win32.Build.0 = Windows Debug|Win32
		{987EF808-E877-4BDB-B9EC-8A6F63D0862C}.Windows Debug|x64.ActiveCfg = Windows Debug|x64
		{987EF808-E877-4BDB-B9EC-8A6F63D0862C}.Windows Debug|x64.Build.0 = Windows Debug|x64
		{987EF808-E877-4BDB-B9EC-8A6F63D0862C}.Windows Release|Win32.ActiveCfg = Windows Release|Win32
		{987EF808-E877-4BDB-B9EC-8A6F63D0862C}.Windows Release|Win32.Build.0 = Windows Release|Win32
		{987EF808-E877-4BDB-B9EC-8A6F63D0862C}.Windows Release|x64.ActiveCfg = Windows Release|x64
		{987EF808-E877-4BDB-B9EC-8A6F63D0862C}.Windows Release|x64.Build.0 = Windows Release|x64
		{CA503BD2-DDC1-4CF4-9D76-F436DF8BA2B4}.Boost Debug|Win32.ActiveCfg = Boost Debug|Win32
		{CA503BD2-DDC1-4CF4-9D76-F436DF8BA2B4}.Boost Debug|Win32.Build.0 = Boost Debug|Win32
		{CA503BD2-DDC1-4CF4-9D76-F436DF8BA2B4}.Boost Debug|x64.ActiveCfg = Boost Debug|x64
		{CA503BD2-DDC1-4CF4-9D76-F436DF8BA2B4}.Boost Debug|x64.Build.0 = Boost Debug|x64
		{CA503BD2-DDC1-4CF4-9D76-F436DF8BA2B4}.Boost Release|Win32.ActiveCfg = Boost Release|Win32
		{CA503BD2-DDC1-4CF4-9D76-F436DF8BA2B4}.Boost Release|Win32.Build.0 = Boost Release|Win32
		{CA503BD2-DDC1-4CF4-9D76-F436DF8BA2B4}.Boost Release|x64.ActiveCfg = Boost Release|x64
		{CA503BD2-DDC1-4CF4-9D76-F436DF8BA2B4}.Boost Release|x64.Build.0 = Boost Release|x64
		{CA503BD2-DDC1-4CF4-9D76-F436DF8BA2B4}.Std Debug|Win32.ActiveCfg = Std Debug|Win32
		{CA503BD2-DDC1-4CF4-9D76-F436DF8BA2B4}.Std Debug|Win32.Build.0 = Std Debug|Win32
		{CA503BD2-DDC1-4CF4-9D76-F436DF8BA2B4}.Std Debug|x64.ActiveCfg = Std Debug|x64
		{CA503BD2-DDC1-4CF4-9D76-F436DF8BA2B4}.Std Debug|x64.Build.0 = Std Debug|x64
		{CA503BD2-DDC1-4CF4-9D76-F436DF8BA2B4}.Std Release|Win32.ActiveCfg = Std Release|Win32
		{CA503BD2-DDC1-4CF4-9D76-F436DF8BA2B4}.Std Release|Win32.Build.0 = Std Release|Win32
		{CA503BD2-DDC1-4CF4-9D76-F436DF8BA2B4}.Std Release|x64.ActiveCfg = Std Release|x64
		{CA503BD2-DDC1-4CF4-9D76-F436DF8BA2B4}.Std Release|x64.Build.0 = Std Release|x64
		{CA503BD2-DDC1-4CF4-9D76-F436DF8BA2B4}.Windows Debug|Win32.ActiveCfg = Windows Debug|Win32
		{CA503BD2-DDC1-4CF4-9D76-F436DF8BA2B4}.Windows Debug|Win32.Build.0 = Windows Debug|Win32
		{CA503BD2-DDC1-4CF4-9D76-F436DF8BA2B4}.Windows Debug|x64.ActiveCfg = Windows Debug|x64
		{CA503BD2-DDC1-4CF4-9D76-F436DF8BA2B4}.Windows Debug|x64.Build.0 = Windows Debug|x64
		{CA503BD2-DDC1-4CF4-9D76-F436DF8BA2B4}.Windows Release|Win32.ActiveCfg = Windows Release|Win32
		{CA503BD2-DDC1-4CF4-9D76-F436DF8BA2B4}.Windows Release|Win32.Build.0 = Windows Release|Win32
		{CA503BD2-DDC1-4CF4-9D76-F436DF8BA2B4}.Windows Release|x64.ActiveCfg = Windows Release|x64
		{CA503BD2-DDC1-4CF4-9D76-F436DF8BA2B4}.Windows Release|x64.Build.0 = Windows Release|x64
		{FE2A385A-544E-424E-936F-9CB2B0EB5C0D}.Boost Debug|Win32.ActiveCfg = Boost Debug|Win32
		{FE2A385A-544E-424E-936F-9CB2B0EB5C0D}.Boost Debug|Win32.Build.0 = Boost Debug|Win32
		{FE2A385A-544E-424E-936F-9CB2B0EB5C0D}.Boost Debug|x64.ActiveCfg = Boost Debug|x64
		{FE2A385A-544E-424E-936F-9CB2B0EB5C0D}.Boost Debug|x64.Build.0 = Boost Debug|x64
		{FE2A385A-544E-424E-936F-9CB2B0EB5C0D}.Boost Release|Win32.ActiveCfg = Boost Release|Win32
		{FE2A385A-544E-424E-936F-9CB2B0EB5C0D}.Boost Release|Win32.Build.0 = Boost Release|Win32
		{FE2A385A-544E-424E-936F-9CB2B0EB5C0D}.Boost Release|x64.ActiveCfg = Boost Release|x64
		{FE2A385A-544E-424E-936F-9CB2B0EB5C0D}.Boost Release|x64.Build.0 = Boost Release|x64
		{FE2A385A-544E-424E-936F-9CB2B0EB5C0D}.Std Debug|Win32.ActiveCfg = Std Debug|Win32
		{FE2A385A-544E-424E-936F-9CB2B0EB5C0D}.Std Debug|Win32.Build.0 = Std Debug|Win32
		{FE2A385A-544E-424E-936F-9CB2B0EB5C0D}.Std Debug|x64.ActiveCfg = Std Debug|x64
		{FE2A385A-544E-424E-936F-9CB2B0EB5C0D}.Std Debug|x64.Build.0 = Std Debug|x64
		{FE2A385A-544E-424E-936F-9CB2B0EB5C0D}.Std Release|Win32.ActiveCfg = Std Release|Win32
		{FE2A385A-544E-424E-936F-9CB2B0EB5C0D}.Std Release|Win32.Build.0 = Std Release|Win32
		{FE2A385A-544E-424E-936F-9CB2B0EB5C0D}.Std Release|x64.ActiveCfg = Std Release|x64
		{FE2A385A-544E-424E-936F-9CB2B0EB5C0D}.Std Release|x64.Build.0 = Std Release|x64
		{FE2A385A-544E-424E-936F-9CB2B0EB5C0D}.Windows Debug|Win32.ActiveCfg = Windows Debug|Win32
		{FE2A385A-544E-424E-936F-9CB2B0EB5C0D}.Windows Debug|Win32.Build.0 = Windows Debug|Win32
		{FE2A385A-544E-424E-936F-9CB2B0EB5C0D}.Windows Debug|x64.ActiveCfg = Windows Debug|x64
		{FE2A385A-544E-424E-936F-9CB2B0EB5C0D}.Windows Debug|x64.Build.0 = Windows Debug|x64
		{FE2A385A-544E-424E-936F-9CB2B0EB5C0D}.Windows Release|Win32.ActiveCfg = Windows Release|Win32
		{FE2A385A-544E-424E-936F-9CB2B0EB5C0D}.Windows Release|Win32.Build.0 = Windows Release|Win32
		{FE2A385A-544E-424E-936F-9CB2B0EB5C0D}.Windows Release|x64.ActiveCfg = Windows Release|x64
		{FE2A385A-544E-424E-936F-9CB2B0EB5C0D}.Windows Release|x64.Build.0 = Windows Release|x64
		{FCD6CA9B-705E-4EF6-BA3A-C6C2DAD36D05}.Boost Debug|Win32.ActiveCfg = Boost Debug|Win32
		{FCD6CA9B-705E-4EF6-BA3A-C6C2DAD36D05}.Boost Debug|Win32.Build.0 = Boost Debug|Win32
		{FCD6CA9B-705E-4EF6-BA3A-C6C2DAD36D05}.Boost Debug|x64.ActiveCfg = Boost Debug|x64
		{FCD6CA9B-705E-4EF6-BA3A-C6C2DAD36D05}.Boost Debug|x64.Build.0 = Boost Debug|x64
		{FCD6CA9B-705E-4EF6-BA3A-C6C2DAD36D05}.Boost Release|Win32.ActiveCfg = Boost Release|Win32
		{FCD6CA9B-705E-4EF6-BA3A-C6C2DAD36D05}.Boost Release|Win32.Build.0 = Boost Release|Win32
		{FCD6CA9B-705E-4EF6-BA3A-C6C2DAD36D05}.Boost Release|x64.ActiveCfg = Boost Release|x64
		{FCD6CA9B-705E-4EF6-BA3A-C6C2DAD36D05}.Boost Release|x64.Build.0 = Boost Release|x64
		{FCD6CA9B-705E-4EF6-BA3A-C6C2DAD36D05}.Std Debug|Win32.ActiveCfg = Std Debug|Win32
		{FCD6CA9B-705E-4EF6-BA3A-C6C2DAD36D05}.Std Debug|Win32.Build.0 = Std Debug|Win32
		{FCD6CA9B-705E-4EF6-BA3A-C6C2DAD36D05}.Std Debug|x64.ActiveCfg = Std Debug|x64
		{FCD6CA9B-705E-4EF6-BA3A-C6C2DAD36D05}.Std Debug|x64.Build.0 = Std Debug|x64
		{FCD6CA9B-705E-4EF6-BA3A-C6C2DAD36D05}.Std Release|Win32.ActiveCfg = Std Release|Win32
		{FCD6CA9B-705E-4EF6-BA3A-C6C2DAD36D05}.Std Release|Win32.Build.0 = Std Release|Win32
		{FCD6CA9B-705E-4EF6-BA3A-C6C2DAD36D05}.Std Release|x64.ActiveCfg = Std Release|x64
		{FCD6CA9B-705E-4EF6-BA3A-C6C2DAD36D05}.Std Release|x64.Build.0 = Std Release|x64
		{FCD6CA9B-705E-4EF6-BA3A-C6C2DAD36D05}.Windows Debug|Win32.ActiveCfg = Windows Debug|Win32
		{FCD6CA9B-705E-4EF6-BA3A-C6C2DAD36D05}.Windows Debug|Win32.Build.0 = Windows Debug|Win32
		{FCD6CA9B-705E-4EF6-BA3A-C6C2DAD36D05}.Windows Debug|x64.ActiveCfg = Windows Debug|x64
		{FCD6CA9B-705E-4EF6-BA3A-C6C2DAD36D05}.Windows Debug|x64.Build.0 = Windows Debug|x64
		{FCD6CA9B-705E-4EF6-BA3A-C6C2DAD36D05}.Windows Release|Win32.ActiveCfg = Windows Release|Win32
		{FCD6CA9B-705E-4EF6-BA3A-C6C2DAD36D05}.Windows Release|Win32.Build.0 = Windows Release|Win32
		{FCD6CA9B-705E-4EF6-BA3A-C6C2DAD36D05}.Windows Release|x64.ActiveCfg = Windows Release|x64
		{FCD6CA9B-705E-4EF6-BA3A-C6C2DAD36D05}.Windows Release|x64.Build.0 = Windows Release|x64
		{3736EA35-2243-4473-B20B-B7B0F1AC5A33}.Boost Debug|Win32.ActiveCfg = Boost Debug|Win32
		{3736EA35-2243-4473-B20B-B7B0F1AC5A33}.Boost Debug|Win32.Build.0 = Boost Debug|Win32
		{3736EA35-2243-4473-B20B-B7B0F1AC5A33}.Boost Debug|x64.ActiveCfg = Boost Debug|x64
		{3736EA35-2243-4473-B20B-B7B0F1AC5A33}.Boost Debug|x64.Build.0 = Boost Debug|x64
		{3736EA35-2243-4473-B20B-B7B0F1AC5A33}.Boost Release|Win32.ActiveCfg = Boost Release|Win32
		{3736EA35-2243-4473-B20B-B7B0F1AC5A33}.Boost Release|Win32.Build.0 = Boost Release|Win32
		{3736EA35-2243-4473-B20B-B7B0F1AC5A33}.Boost Release|x64.ActiveCfg = Boost Release|x64
		{3736EA35-2243-4473-B20B-B7B0F1AC5A33}.Boost Release|x64.Build.0 = Boost Release|x64
		{3736EA35-2243-4473-B20B-B7B0F1AC5A33}.Std Debug|Win32.ActiveCfg = Std Debug|Win32
		{3736EA35-2243-4473-B20B-B7B0F1AC5A33}.Std Debug|Win32.Build.0 = Std Debug|Win32
		{3736EA35-2243-4473-B20B-B7B0F1AC5A33}.Std Debug|x64.ActiveCfg = Std Debug|x64
		{3736EA35-2243-4473-B20B-B7B0F1AC5A33}.Std Debug|x64.Build.0 = Std Debug|x64
		{3736EA35-2243-4473-B20B-B7B0F1AC5A33}.Std Release|Win32.ActiveCfg = Std Release|Win32
		{3736EA35-2243-4473-B20B-B7B0F1AC5A33}.Std Release|Win32.Build.0 = Std Release|Win32
		{3736EA35-2243-4473-B20B-B7B0F1AC5A33}.Std Release|x64.ActiveCfg = Std Release|x64
		{3736EA35-2243-4473-B20B-B7B0F1AC5A33}.Std Release|x64.Build.0 = Std Release|x64
		{3736EA35-2243-4473-B20B-B7B0F1AC5A33}.Windows Debug|Win32.ActiveCfg = Windows Debug|Win32
		{3736EA35-2243-4473-B20B-B7B0F1AC5A33}.Windows Debug|Win32.Build.0 = Windows Debug|Win32
		{3736EA35-2243-4473-B20B-B7B0F1AC5A33}.Windows Debug|x64.ActiveCfg = Windows Debug|x64
		{3736EA35-2243-4473-B20B-B7B0F1AC5A33}.Windows Debug|x64.Build.0 = Windows Debug|x64
		{3736EA35-2243-4473-B20B-B7B0F1AC5A33}.Windows Release|Win32.ActiveCfg = Windows Release|Win32
		{3736EA35-2243-4473-B20B-B7B0F1AC5A33}.Windows Release|Win32.Build.0 = Windows Release|Win32
		{3736EA35-2243-4473-B20B-B7B0F1AC5A33}.Windows Release|x64.ActiveCfg = Windows Release|x64
		{3736EA35-2243-4473-B20B-B7B0F1AC5A33}.Windows Release|x64.Build.0 = Windows Release|x64
		{9B7E1F93-4751-4198-B98E-2468C1EED4A7}.Boost Debug|Win32.ActiveCfg = Boost Debug|Win32
		{9B7E1F93-4751-4198-B98E-2468C1EED4A7}.Boost Debug|Win32.Build.0 = Boost Debug|Win32
		{9B7E1F93-4751-4198-B98E-2468C1EED4A7}.Boost Debug|x64.ActiveCfg = Boost Debug|x64
		{9B7E1F93-4751-4198-B98E-2468C1EED4A7}.Boost Debug|x64.Build.0 = Boost Debug|x64
		{9B7E1F93-4751-4198-B98E-2468C1EED4A7}.Boost Release|Win32.ActiveCfg = Boost Release|Win32
		{9B7E1F93-4751-4198-B98E-2468C1EED4A7}.Boost Release|Win32.Build.0 = Boost Release|Win32
		{9B7E1F93-4751-4198-B98E-2468C1EED4A7}.Boost Release|x64.ActiveCfg = Boost Release|x64
		{9B7E1F93-4751-4198-B98E-2468C1EED4A7}.Boost Release|x64.Build.0 = Boost Release|x64
		{9B7E1F93-4751-4198-B98E-2468C1EED4A7}.Std Debug|Win32.ActiveCfg = Std Debug|Win32
		{9B7E1F93-4751-4198-B98E-2468C1EED4A7}.Std Debug|Win32.Build.0 = Std Debug|Win32
		{9B7E1F93-4751-4198-B98E-2468C1EED4A7}.Std Debug|x64.ActiveCfg = Std Debug|x64
		{9B7E1F93-4751-4198-B98E-2468C1EED4A7}.Std Debug|x64.Build.0 = Std Debug|x64
		{9B7E1F93-4751-4198-B98E-2468C1EED4A7}.Std Release|Win32.ActiveCfg = Std Release|Win32
		{9B7E1F93-4751-4198-B98E-2468C1EED4A7}.Std Release|Win32.Build.0 = Std Release|Win32
		{9B7E1F93-4751-4198-B98E-2468C1EED4A7}.Std Release|x64.ActiveCfg = Std Release|x64
		{9B7E1F93-4751-4198-B98E-2468C1EED4A7}.Std Release|x64.Build.0 = Std Release|x64
		{9B7E1F93-4751-4198-B98E-2468C1EED4A7}.Windows Debug|Win32.ActiveCfg = Windows Debug|Win32
		{9B7E1F93-4751-4198-B98E-2468C1EED4A7}.Windows Debug|Win32.Build.0 = Windows Debug|Win32
		{9B7E1F93-4751-4198-B98E-2468C1EED4A7}.Windows Debug|x64.ActiveCfg = Windows Debug|x64
		{9B7E1F93-4751-4198-B98E-2468C1EED4A7}.Windows Debug|x64.Build.0 = Windows Debug|x64
		{9B7E1F93-4751-4198-B98E-2468C1EED4A7}.Windows Release|Win32.ActiveCfg = Windows Release|Win32
		{9B7E1F93-4751-4198-B98E-2468C1EED4A7}.Windows Release|Win32.Build.0 = Windows Release|Win32
		{9B7E1F93-4751-4198-B98E-2468C1EED4A7}.Windows Release|x64.ActiveCfg = Windows Release|x64
		{9B7E1F93-4751-4198-B98E-2468C1EED4A7}.Windows Release|x64.Build.0 = Windows Release|x64
		{98A893EE-5134-4E95-9E94-DC732F24C3B0}.Boost Debug|Win32.ActiveCfg = Boost Debug|Win32
		{98A893EE-5134-4E95-9E94-DC732F24C3B0}.Boost Debug|Win32.Build.0 = Boost Debug|Win32
		{98A893EE-5134-4E95-9E94-DC732F24C3B0}.Boost Debug|x64.ActiveCfg = Boost Debug|x64
		{98A893EE-5134-4E95-9E94-DC732F24C3B0}.Boost Debug|x64.Build.0 = Boost Debug|x64
		{98A893EE-5134-4E95-9E94-DC732F24C3B0}.Boost Release|Win32.ActiveCfg = Boost Release|Win32
		{98A893EE-5134-4E95-9E94-DC732F24C3B0}.Boost Release|Win32.Build.0 = Boost Release|Win32
		{98A893EE-5134-4E95-9E94-DC732F24C3B0}.Boost Release|x64.ActiveCfg = Boost Release|x64
		{98A893EE-5134-4E95-9E94-DC732F24C3B0}.Boost Release|x64.Build.0 = Boost Release|x64
		{98A893EE-5134-4E95-9E94-DC732F24C3B0}.Std Debug|Win32.ActiveCfg = Std Debug|Win32
		{98A893EE-5134-4E95-9E94-DC732F24C3B0}.Std Debug|Win32.Build.0 = Std Debug|Win32
		{98A893EE-5134-4E95-9E94-DC732F24C3B0}.Std Debug|x64.ActiveCfg = Std Debug|x64
		{98A893EE-5134-4E95-9E94-DC732F24C3B0}.Std Debug|x64.Build.0 = Std Debug|x64
		{98A893EE-5134-4E95-9E94-DC732F24C3B0}.Std Release|Win32.ActiveCfg = Std Release|Win32
		{98A893EE-5134-4E95-9E94-DC732F24C3B0}.Std Release|Win32.Build.0 = Std Release|Win32
		{98A893EE-5134-4E95-9E94-DC732F24C3B0}.Std Release|x64.ActiveCfg = Std Release|x64
		{98A893EE-5134-4E95-9E94-DC732F24C3B0}.Std Release|x64.Build.0 = Std Release|x64
		{98A893EE-5134-4E95-9E94-DC732F24C3B0}.Windows Debug|Win32.ActiveCfg = Windows Debug|Win32
		{98A893EE-5134-4E95-9E94-DC732F24C3B0}.Windows Debug|Win32.Build.0 = Windows Debug|Win32
		{98A893EE-5134-4E95-9E94-DC732F24C3B0}.Windows Debug|x64.ActiveCfg = Windows Debug|x64
		{98A893EE-5134-4E95-9E94-DC732F24C3B0}.Windows Debug|x64.Build.0 = Windows Debug|x64
		{98A893EE-5134-4E95-9E94-DC732F24C3B0}.Windows Release|Win32.ActiveCfg = Windows Release|Win32
		{98A893EE-5134-4E95-9E94-DC732F24C3B0}.Windows Release|Win32.Build.0 = Windows Release|Win32
		{98A893EE-5134-4E95-9E94-DC732F24C3B0}.Windows Release|x64.ActiveCfg = Windows Release|x64
		{98A893EE-5134-4E95-9E94-DC732F24C3B0}.Windows Release|x64.Build.0 = Windows Release|x64
		{2720DC5E-1010-48D2-A30E-E5308B504D65}.Boost Debug|Win32.ActiveCfg = Boost Debug|Win32
		{2720DC5E-1010-48D2-A30E-E5308B504D65}.Boost Debug|Win32.Build.0 = Boost Debug|Win32
		{2720DC5E-1010-48D2-A30E-E5308B504D65}.Boost Debug|x64.ActiveCfg = Boost Debug|x64
		{2720DC5E-1010-48D2-A30E-E5308B504D65}.Boost Debug|x64.Build.0 = Boost Debug|x64
		{2720DC5E-1010-48D2-A30E-E5308B504D65}.Boost Release|Win32.ActiveCfg = Boost Release|Win32
		{2720DC5E-1010-48D2-A30E-E5308B504D65}.Boost Release|Win32.Build.0 = Boost Release|Win32
		{2720DC5E-1010-48D2-A30E-E5308B504D65}.Boost Release|x64.ActiveCfg = Boost Release|x64
		{2720DC5E-1010-48D2-A30E-E5308B504D65}.Boost Release|x64.Build.0 = Boost Release|x64
		{2720DC5E-1010-48D2-A30E-E5308B504D65}.Std Debug|Win32.ActiveCfg = Std Debug|Win32
		{2720DC5E-1010-48D2-A30E-E5308B504D65}.Std Debug|Win32.Build.0 = Std Debug|Win32
		{2720DC5E-1010-48D2-A30E-E5308B504D65}.Std Debug|x64.ActiveCfg = Std Debug|x64
		{2720DC5E-1010-48D2-A30E-E5308B504D65}.Std Debug|x64.Build.0 = Std Debug|x64
		{2720DC5E-1010-48D2-A30E-E5308B504D65}.Std Release|Win32.ActiveCfg = Std Release|Win32
		{2720DC5E-1010-48D2-A30E-E5308B504D65}.Std Release|Win32.Build.0 = Std Release|Win32
		{2720DC5E-1010-48D2-A30E-E5308B504D65}.Std Release|x64.ActiveCfg = Std Release|x64
		{2720DC5E-1010-48D2-A30E-E5308B504D65}.Std Release|x64.Build.0 = Std Release|x64
		{2720DC5E-1010-48D2-A30E-E5308B504D65}.Windows Debug|Win32.ActiveCfg = Windows Debug|Win32
		{2720DC5E-1010-48D2-A30E-E5308B504D65}.Windows Debug|Win32.Build.0 = Windows Debug|Win32
		{2720DC5E-1010-48D2-A30E-E5308B504D65}.Windows Debug|x64.ActiveCfg = Windows Debug|x64
		{2720DC5E-1010-48D2-A30E-E5308B504D65}.Windows Debug|x64.Build.0 = Windows Debug|x64
		{2720DC5E-1010-48D2-A30E-E5308B504D65}.Windows Release|Win32.ActiveCfg = Windows Release|Win32
		{2720DC5E-1010-48D2-A30E-E5308B504D65}.Windows Release|Win32.Build.0 = Windows Release|Win32
		{2720DC5E-1010-48D2-A30E-E5308B504D65}.Windows Release|x64.ActiveCfg = Windows Release|x64
		{2720DC5E-1010-48D2-A30E-E5308B504D65}.Windows Release|x64.Build.0 = Windows Release|x64
		{0DD1EED5-D0FA-49A5-BE29-51651E31F5C0}.Boost Debug|Win32.ActiveCfg = Boost Debug|Win32
		{0DD1EED5-D0FA-49A5-BE29-51651E31F5C0}.Boost Debug|Win32.Build.0 = Boost Debug|Win32
		{0DD1EED5-D0FA-49A5-BE29-51651E31F5C0}.Boost Debug|x64.ActiveCfg = Boost Debug|x64
		{0DD1EED5-D0FA-49A5-BE29-51651E31F5C0}.Boost Debug|x64.Build.0 = Boost Debug|x64
		{0DD1EED5-D0FA-49A5-BE29-51651E31F5C0}.Boost Release|Win32.ActiveCfg = Boost Release|Win32
		{0DD1EED5-D0FA-49A5-BE29-51651E31F5C0}.Boost Release|Win32.Build.0 = Boost Release|Win32
		{0DD1EED5-D0FA-49A5-BE29-51651E31F5C0}.Boost Release|x64.ActiveCfg = Boost Release|x64
		{0DD1EED5-D0FA-49A5-BE29-51651E31F5C0}.Boost Release|x64.Build.0 = Boost Release|x64
		{0DD1EED5-D0FA-49A5-BE29-51651E31F5C0}.Std Debug|Win32.ActiveCfg = Std Debug|Win32
		{0DD1EED5-D0FA-49A5-BE29-51651E31F5C0}.Std Debug|Win32.Build.0 = Std Debug|Win32
		{0DD1EED5-D0FA-49A5-BE29-51651E31F5C0}.Std Debug|x64.ActiveCfg = Std Debug|x64
		{0DD1EED5-D0FA-49A5-BE29-51651E31F5C0}.Std Debug|x64.Build.0 = Std Debug|x64
		{0DD1EED5-D0FA-49A5-BE29-51651E31F5C0}.Std Release|Win32.ActiveCfg = Std Release|Win32
		{0DD1EED5-D0FA-49A5-BE29-51651E31F5C0}.Std Release|Win32.Build.0 = Std Release|Win32
		{0DD1EED5-D0FA-49A5-BE29-51651E31F5C0}.Std Release|x64.ActiveCfg = Std Release|x64
		{0DD1EED5-D0FA-49A5-BE29-51651E31F5C0}.Std Release|x64.Build.0 = Std Release|x64
		{0DD1EED5-D0FA-49A5-BE29-51651E31F5C0}.Windows Debug|Win32.ActiveCfg = Windows Debug|Win32
		{0DD1EED5-D0FA-49A5-BE29-51651E31F5C0}.Windows Debug|Win32.Build.0 = Windows Debug|Win32
		{0DD1EED5-D0FA-49A5-BE29-51651E31F5C0}.Windows Debug|x64.ActiveCfg = Windows Debug|x64
		{0DD1EED5-D0FA-49A5-BE29-51651E31F5C0}.Windows Debug|x64.Build.0 = Windows Debug|x64
		{0DD1EED5-D0FA-49A5-BE29-51651E31F5C0}.Windows Release|Win32.ActiveCfg = Windows Release|Win32
		{0DD1EED5-D0FA-49A5-BE29-51651E31F5C0}.Windows Release|Win32.Build.0 = Windows Release|Win32
		{0DD1EED5-D0FA-49A5-BE29-51651E31F5C0}.Windows Release|x64.ActiveCfg = Windows Release|x64
		{0DD1EED5-D0FA-49A5-BE29-51651E31F5C0}.Windows Release|x64.Build.0 = Windows Release|x64
		{43B87FE0-0264-4F7A-B9A7-27BCB21FF3DA}.Boost Debug|Win32.ActiveCfg = Boost Debug|Win32
		{43B87FE0-0264-4F7A-B9A7-27BCB21FF3DA}.Boost Debug|Win32.Build.0 = Boost Debug|Win32
		{43B87FE0-0264-4F7A-B9A7-27BCB21FF3DA}.Boost Debug|x64.ActiveCfg = Boost Debug|x64
		{43B87FE0-0264-4F7A-B9A7-27BCB21FF3DA}.Boost Debug|x64.Build.0 = Boost Debug|x64
		{43B87FE0-0264-4F7A-B9A7-27BCB21FF3DA}.Boost Release|Win32.ActiveCfg = Boost Release|Win32
		{43B87FE0-0264-4F7A-B9A7-27BCB21FF3DA}.Boost Release|Win32.Build.0 = Boost Release|Win32
		{43B87FE0-0264-4F7A-B9A7-27BCB21FF3DA}.Boost Release|x64.ActiveCfg = Boost Release|x64
		{43B87FE0-0264-4F7A-B9A7-27BCB21FF3DA}.Boost Release|x64.Build.0 = Boost Release|x64
		{43B87FE0-0264-4F7A-B9A7-27BCB21FF3DA}.Std Debug|Win32.ActiveCfg = Std Debug|Win32
		{43B87FE0-0264-4F7A-B9A7-27BCB21FF3DA}.Std Debug|Win32.Build.0 = Std Debug|Win32
		{43B87FE0-0264-4F7A-B9A7-27BCB21FF3DA}.Std Debug|x64.ActiveCfg = Std Debug|x64
		{43B87FE0-0264-4F7A-B9A7-27BCB21FF3DA}.Std Debug|x64.Build.0 = Std Debug|x64
		{43B87FE0-0264-4F7A-B9A7-27BCB21FF3DA}.Std Release|Win32.ActiveCfg = Std Release|Win32
		{43B87FE0-0264-4F7A-B9A7-27BCB21FF3DA}.Std Release|Win32.Build.0 = Std Release|Win32
		{43B87FE0-0264-4F7A-B9A7-27BCB21FF3DA}.Std Release|x64.ActiveCfg = Std Release|x64
		{43B87FE0-0264-4F7A-B9A7-27BCB21FF3DA}.Std Release|x64.Build.0 = Std Release|x64
		{43B87FE0-0264-4F7A-B9A7-27BCB21FF3DA}.Windows Debug|Win32.ActiveCfg = Windows Debug|Win32
		{43B87FE0-0264-4F7A-B9A7-27BCB21FF3DA}.Windows Debug|Win32.Build.0 = Windows Debug|Win32
		{43B87FE0-0264-4F7A-B9A7-27BCB21FF3DA}.Windows Debug|x64.ActiveCfg = Windows Debug|x64
		{43B87FE0-0264-4F7A-B9A7-27BCB21FF3DA}.Windows Debug|x64.Build.0 = Windows Debug|x64
		{43B87FE0-0264-4F7A-B9A7-27BCB21FF3DA}.Windows Release|Win32.ActiveCfg = Windows Release|Win32
		{43B87FE0-0264-4F7A-B9A7-27BCB21FF3DA}.Windows Release|Win32.Build.0 = Windows Release|Win32
		{43B87FE0-0264-4F7A-B9A7-27BCB21FF3DA}.Windows Release|x64.ActiveCfg = Windows Release|x64
		{43B87FE0-0264-4F7A-B9A7-27BCB21FF3DA}.Windows Release|x64.Build.0 = Windows Release|x64
		{95F5E666-BAE9-418F-BC64-FBB04FA94383}.Boost Debug|Win32.ActiveCfg = Boost Debug|Win32
		{95F5E666-BAE9-418F-BC64-FBB04FA94383}.Boost Debug|Win32.Build.0 = Boost Debug|Win32
		{95F5E666-BAE9-418F-BC64-FBB04FA94383}.Boost Debug|x64.ActiveCfg = Boost Debug|x64
		{95F5E666-BAE9-418F-BC64-FBB04FA94383}.Boost Debug|x64.Build.0 = Boost Debug|x64
		{95F5E666-BAE9-418F-BC64-FBB04FA94383}.Boost Release|Win32.ActiveCfg = Boost Release|Win32
		{95F5E666-BAE9-418F-BC64-FBB04FA94383}.Boost Release|Win32.Build.0 = Boost Release|Win32
		{95F5E666-BAE9-418F-BC64-FBB04FA94383}.Boost Release|x64.ActiveCfg = Boost Release|x64
		{95F5E666-BAE9-418F-BC64-FBB04FA94383}.Boost Release|x64.Build.0 = Boost Release|x64
		{95F5E666-BAE9-418F-BC64-FBB04FA94383}.Std Debug|Win32.ActiveCfg = Std Debug|Win32
		{95F5E666-BAE9-418F-BC64-FBB04FA94383}.Std Debug|Win32.Build.0 = Std Debug|Win32
		{95F5E666-BAE9-418F-BC64-FBB04FA94383}.Std Debug|x64.ActiveCfg = Std Debug|x64
		{95F5E666-BAE9-418F-BC64-FBB04FA94383}.Std Debug|x64.Build.0 = Std Debug|x64
		{95F5E666-BAE9-418F-BC64-FBB04FA94383}.Std Release|Win32.ActiveCfg = Std Release|Win32
		{95F5E666-BAE9-418F-BC64-FBB04FA94383}.Std Release|Win32.Build.0 = Std Release|Win32
		{95F5E666-BAE9-418F-BC64-FBB04FA94383}.Std Release|x64.ActiveCfg = Std Release|x64
		{95F5E666-BAE9-418F-BC64-FBB04FA94383}.Std Release|x64.Build.0 = Std Release|x64
		{95F5E666-BAE9-418F-BC64-FBB04FA94383}.Windows Debug|Win32.ActiveCfg = Windows Debug|Win32
		{95F5E666-BAE9-418F-BC64-FBB04FA94383}.Windows Debug|Win32.Build.0 = Windows Debug|Win32
		{95F5E666-BAE9-418F-BC64-FBB04FA94383}.Windows Debug|x64.ActiveCfg = Windows Debug|x64
		{95F5E666-BAE9-418F-BC64-FBB04FA94383}.Windows Debug|x64.Build.0 = Windows Debug|x64
		{95F5E666-BAE9-418F-BC64-FBB04FA94383}.Windows Release|Win32.ActiveCfg = Windows Release|Win32
		{95F5E666-BAE9-418F-BC64-FBB04FA94383}.Windows Release|Win32.Build.0 = Windows Release|Win32
		{95F5E666-BAE9-418F-BC64-FBB04FA94383}.Windows Release|x64.ActiveCfg = Windows Release|x64
		{95F5E666-BAE9-418F-BC64-FBB04FA94383}.Windows Release|x64.Build.0 = Windows Release|x64
		{E8A6DB79-1438-45B2-9795-E7A646D6147C}.Boost Debug|Win32.ActiveCfg = Boost Debug|Win32
		{E8A6DB79-1438-45B2-9795-E7A646D6147C}.Boost Debug|Win32.Build.0 = Boost Debug|Win32
		{E8A6DB79-1438-45B2-9795-E7A646D6147C}.Boost Debug|x64.ActiveCfg = Boost Debug|x64
		{E8A6DB79-1438-45B2-9795-E7A646D6147C}.Boost Debug|x64.Build.0 = Boost Debug|x64
		{E8A6DB79-1438-45B2-9795-E7A646D6147C}.Boost Release|Win32.ActiveCfg = Boost Release|Win32
		{E8A6DB79-1438-45B2-9795-E7A646D6147C}.Boost Release|Win32.Build.0 = Boost Release|Win32
		{E8A6DB79-1438-45B2-9795-E7A646D6147C}.Boost Release|x64.ActiveCfg = Boost Release|x64
		{E8A6DB79-1438-45B2-9795-E7A646D6147C}.Boost Release|x64.Build.0 = Boost Release|x64
		{E8A6DB79-1438-45B2-9795-E7A646D6147C}.Std Debug|Win32.ActiveCfg = Std Debug|Win32
		{E8A6DB79-1438-45B2-9795-E7A646D6147C}.Std Debug|Win32.Build.0 = Std Debug|Win32
		{E8A6DB79-1438-45B2-9795-E7A646D6147C}.Std Debug|x64.ActiveCfg = Std Debug|x64
		{E8A6DB79-1438-45B2-9795-E7A646D6147C}.Std Debug|x64.Build.0 = Std Debug|x64
		{E8A6DB79-1438-45B2-9795-E7A646D6147C}.Std Release|Win32.ActiveCfg = Std Release|Win32
		{E8A6DB79-1438-45B2-9795-E7A646D6147C}.Std Release|Win32.Build.0 = Std Release|Win32
		{E8A6DB79-1438-45B2-9795-E7A646D6147C}.Std Release|x64.ActiveCfg = Std Release|x64
		{E8A6DB79-1438-45B2-9795-E7A646D6147C}.Std Release|x64.Build.0 = Std Release|x64
		{E8A6DB79-1438-45B2-9795-E7A646D6147C}.Windows Debug|Win32.ActiveCfg = Windows Debug|Win32
		{E8A6DB79-1438-45B2-9795-E7A646D6147C}.Windows Debug|Win32.Build.0 = Windows Debug|Win32
		{E8A6DB79-1438-45B2-9795-E7A646D6147C}.Windows Debug|x64.ActiveCfg = Windows Debug|x64
		{E8A6DB79-1438-45B2-9795-E7A646D6147C}.Windows Debug|x64.Build.0 = Windows Debug|x64
		{E8A6DB79-1438-45B2-9795-E7A646D6147C}.Windows Release|Win32.ActiveCfg = Windows Release|Win32
		{E8A6DB79-1438-45B2-9795-E7A646D6147C}.Windows Release|Win32.Build.0 = Windows Release|Win32
		{E8A6DB79-1438-45B2-9795-E7A646D6147C}.Windows Release|x64.ActiveCfg = Windows Release|x64
		{E8A6DB79-1438-45B2-9795-E7A646D6147C}.Windows Release|x64.Build.0 = Windows Release|x64
		{468BD38C-24DA-469C-A398-2569CC30CC9B}.Boost Debug|Win32.ActiveCfg = Boost Debug|Win32
		{468BD38C-24DA-469C-A398-2569CC30CC9B}.Boost Debug|Win32.Build.0 = Boost Debug|Win32
		{468BD38C-24DA-469C-A398-2569CC30CC9B}.Boost Debug|x64.ActiveCfg = Boost Debug|x64
		{468BD38C-24DA-469C-A398-2569CC30CC9B}.Boost Debug|x64.Build.0 = Boost Debug|x64
		{468BD38C-24DA-469C-A398-2569CC30CC9B}.Boost Release|Win32.ActiveCfg = Boost Release|Win32
		{468BD38C-24DA-469C-A398-2569CC30CC9B}.Boost Release|Win32.Build.0 = Boost Release|Win32
		{468BD38C-24DA-469C-A398-2569CC30CC9B}.Boost Release|x64.ActiveCfg = Boost Release|x64
		{468BD38C-24DA-469C-A398-2569CC30CC9B}.Boost Release|x64.Build.0 = Boost Release|x64
		{468BD38C-24DA-469C-A398-2569CC30CC9B}.Std Debug|Win32.ActiveCfg = Std Debug|Win32
		{468BD38C-24DA-469C-A398-2569CC30CC9B}.Std Debug|Win32.Build.0 = Std Debug|Win32
		{468BD38C-24DA-469C-A398-2569CC30CC9B}.Std Debug|x64.ActiveCfg = Std Debug|x64
		{468BD38C-24DA-469C-A398-2569CC30CC9B}.Std Debug|x64.Build.0 = Std Debug|x64
		{468BD38C-24DA-469C-A398-2569CC30CC9B}.Std Release|Win32.ActiveCfg = Std Release|Win32
		{468BD38C-24DA-469C-A398-2569CC30CC9B}.Std Release|Win32.Build.0 = Std Release|Win32
		{468BD38C-24DA-469C-A398-2569CC30CC9B}.Std Release|x64.ActiveCfg = Std Release|x64
		{468BD38C-24DA-469C-A398-2569CC30CC9B}.Std Release|x64.Build.0 = Std Release|x64
		{468BD38C-24DA-469C-A398-2569CC30CC9B}.Windows Debug|Win32.ActiveCfg = Windows Debug|Win32
		{468BD38C-24DA-469C-A398-2569CC30CC9B}.Windows Debug|Win32.Build.0 = Windows Debug|Win32
		{468BD38C-24DA-469C-A398-2569CC30CC9B}.Windows Debug|x64.ActiveCfg = Windows Debug|x64
		{468BD38C-24DA-469C-A398-2569CC30CC9B}.Windows Debug|x64.Build.0 = Windows Debug|x64
		{468BD38C-24DA-469C-A398-2569CC30CC9B}.Windows Release|Win32.ActiveCfg = Windows Release|Win32
		{468BD38C-24DA-469C-A398-2569CC30CC9B}.Windows Release|Win32.Build.0 = Windows Release|Win32
		{468BD38C-24DA-469C-A398-2569CC30CC9B}.Windows Release|x64.ActiveCfg = Windows Release|x64
		{468BD38C-24DA-469C-A398-2569CC30CC9B}.Windows Release|x64.Build.0 = Windows Release|x64
		{D371EBF2-147D-4FF1-8DC9-C66969532DB8}.Boost Debug|Win32.ActiveCfg = Boost Debug|Win32
		{D371EBF2-147D-4FF1-8DC9-C66969532DB8}.Boost Debug|Win32.Build.0 = Boost Debug|Win32
		{D371EBF2-147D-4FF1-8DC9-C66969532DB8}.Boost Debug|x64.ActiveCfg = Boost Debug|x64
		{D371EBF2-147D-4FF1-8DC9-C66969532DB8}.Boost Debug|x64.Build.0 = Boost Debug|x64
		{D371EBF2-147D-4FF1-8DC9-C66969532DB8}.Boost Release|Win32.ActiveCfg = Boost Release|Win32
		{D371EBF2-147D-4FF1-8DC9-C66969532DB8}.Boost Release|Win32.Build.0 = Boost Release|Win32
		{D371EBF2-147D-4FF1-8DC9-C66969532DB8}.Boost Release|x64.ActiveCfg = Boost Release|x64
		{D371EBF2-147D-4FF1-8DC9-C66969532DB8}.Boost Release|x64.Build.0 = Boost Release|x64
		{D371EBF2-147D-4FF1-8DC9-C66969532DB8}.Std Debug|Win32.ActiveCfg = Std Debug|Win32
		{D371EBF2-147D-4FF1-8DC9-C66969532DB8}.Std Debug|Win32.Build.0 = Std Debug|Win32
		{D371EBF2-147D-4FF1-8DC9-C66969532DB8}.Std Debug|x64.ActiveCfg = Std Debug|x64
		{D371EBF2-147D-4FF1-8DC9-C66969532DB8}.Std Debug|x64.Build.0 = Std Debug|x64
		{D371EBF2-147D-4FF1-8DC9-C66969532DB8}.Std Release|Win32.ActiveCfg = Std Release|Win32
		{D371EBF2-147D-4FF1-8DC9-C66969532DB8}.Std Release|Win32.Build.0 = Std Release|Win32
		{D371EBF2-147D-4FF1-8DC9-C66969532DB8}.Std Release|x64.ActiveCfg = Std Release|x64
		{D371EBF2-147D-4FF1-8DC9-C66969532DB8}.Std Release|x64.Build.0 = Std Release|x64
		{D371EBF2-147D-4FF1-8DC9-C66969532DB8}.Windows Debug|Win32.ActiveCfg = Windows Debug|Win32
		{D371EBF2-147D-4FF1-8DC9-C66969532DB8}.Windows Debug|Win32.Build.0 = Windows Debug|Win32
		{D371EBF2-147D-4FF1-8DC9-C66969532DB8}.Windows Debug|x64.ActiveCfg = Windows Debug|x64
		{D371EBF2-147D-4FF1-8DC9-C66969532DB8}.Windows Debug|x64.Build.0 = Windows Debug|x64
		{D371EBF2-147D-4FF1-8DC9-C66969532DB8}.Windows Release|Win32.ActiveCfg = Windows Release|Win32
		{D371EBF2-147D-4FF1-8DC9-C66969532DB8}.Windows Release|Win32.Build.0 = Windows Release|Win32
		{D371EBF2-147D-4FF1-8DC9-C66969532DB8}.Windows Release|x64.ActiveCfg = Windows Release|x64
		{D371EBF2-147D-4FF1-8DC9-C66969532DB8}.Windows Release|x64.Build.0 = Windows Release|x64
		{83BE6002-AC46-429E-818B-5FB9A1933FB7}.Boost Debug|Win32.ActiveCfg = Boost Debug|Win32
		{83BE6002-AC46-429E-818B-5FB9A1933FB7}.Boost Debug|Win32.Build.0 = Boost Debug|Win32
		{83BE6002-AC46-429E-818B-5FB9A1933FB7}.Boost Debug|x64.ActiveCfg = Boost Debug|x64
		{83BE6002-AC46-429E-818B-5FB9A1933FB7}.Boost Debug|x64.Build.0 = Boost Debug|x64
		{83BE6002-AC46-429E-818B-5FB9A1933FB7}.Boost Release|Win32.ActiveCfg = Boost Release|Win32
		{83BE6002-AC46-429E-818B-5FB9A1933FB7}.Boost Release|Win32.Build.0 = Boost Release|Win32
		{83BE6002-AC46-429E-818B-5FB9A1933FB7}.Boost Release|x64.ActiveCfg = Boost Release|x64
		{83BE6002-AC46-429E-818B-5FB9A1933FB7}.Boost Release|x64.Build.0 = Boost Release|x64
		{83BE6002-AC46-429E-818B-5FB9A1933FB7}.Std Debug|Win32.ActiveCfg = Std Debug|Win32
		{83BE6002-AC46-429E-818B-5FB9A1933FB7}.Std Debug|Win32.Build.0 = Std Debug|Win32
		{83BE6002-AC46-429E-818B-5FB9A1933FB7}.Std Debug|x64.ActiveCfg = Std Debug|x64
		{83BE6002-AC46-429E-818B-5FB9A1933FB7}.Std Debug|x64.Build.0 = Std Debug|x64
		{83BE6002-AC46-429E-818B-5FB9A1933FB7}.Std Release|Win32.ActiveCfg = Std Release|Win32
		{83BE6002-AC46-429E-818B-5FB9A1933FB7}.Std Release|Win32.Build.0 = Std Release|Win32
		{83BE6002-AC46-429E-818B-5FB9A1933FB7}.Std Release|x64.ActiveCfg = Std Release|x64
		{83BE6002-AC46-429E-818B-5FB9A1933FB7}.Std Release|x64.Build.0 = Std Release|x64
		{83BE6002-AC46-429E-818B-5FB9A1933FB7}.Windows Debug|Win32.ActiveCfg = Windows Debug|Win32
		{83BE6002-AC46-429E-818B-5FB9A1933FB7}.Windows Debug|Win32.Build.0 = Windows Debug|Win32
		{83BE6002-AC46-429E-818B-5FB9A1933FB7}.Windows Debug|x64.ActiveCfg = Windows Debug|x64
		{83BE6002-AC46-429E-818B-5FB9A1933FB7}.Windows Debug|x64.Build.0 = Windows Debug|x64
		{83BE6002-AC46-429E-818B-5FB9A1933FB7}.Windows Release|Win32.ActiveCfg = Windows Release|Win32
		{83BE6002-AC46-429E-818B-5FB9A1933FB7}.Windows Release|Win32.Build.0 = Windows Release|Win32
		{83BE6002-AC46-429E-818B-5FB9A1933FB7}.Windows Release|x64.ActiveCfg = Windows Release|x64
		{83BE6002-AC46-429E-818B-5FB9A1933FB7}.Windows Release|x64.Build.0 = Windows Release|x64
		{EC3F4B21-1356-4592-BC06-E2210458B73D}.Boost Debug|Win32.ActiveCfg = Boost Debug|Win32
		{EC3F4B21-1356-4592-BC06-E2210458B73D}.Boost Debug|Win32.Build.0 = Boost Debug|Win32
		{EC3F4B21-1356-4592-BC06-E2210458B73D}.Boost Debug|x64.ActiveCfg = Boost Debug|x64
		{EC3F4B21-1356-4592-BC06-E2210458B73D}.Boost Debug|x64.Build.0 = Boost Debug|x64
		{EC3F4B21-1356-4592-BC06-E2210458B73D}.Boost Release|Win32.ActiveCfg = Boost Release|Win32
		{EC3F4B21-1356-4592-BC06-E2210458B73D}.Boost Release|Win32.Build.0 = Boost Release|Win32
		{EC3F4B21-1356-4592-BC06-E2210458B73D}.Boost Release|x64.ActiveCfg = Boost Release|x64
		{EC3F4B21-1356-4592-BC06-E2210458B73D}.Boost Release|x64.Build.0 = Boost Release|x64
		{EC3F4B21-1356-4592-BC06-E2210458B73D}.Std Debug|Win32.ActiveCfg = Std Debug|Win32
		{EC3F4B21-1356-4592-BC06-E2210458B73D}.Std Debug|Win32.Build.0 = Std Debug|Win32
		{EC3F4B21-1356-4592-BC06-E2210458B73D}.Std Debug|x64.ActiveCfg = Std Debug|x64
		{EC3F4B21-1356-4592-BC06-E2210458B73D}.Std Debug|x64.Build.0 = Std Debug|x64
		{EC3F4B21-1356-4592-BC06-E2210458B73D}.Std Release|Win32.ActiveCfg = Std Release|Win32
		{EC3F4B21-1356-4592-BC06-E2210458B73D}.Std Release|Win32.Build.0 = Std Release|Win32
		{EC3F4B21-1356-4592-BC06-E2210458B73D}.Std Release|x64.ActiveCfg = Std Release|x64
		{EC3F4B21-1356-4592-BC06-E2210458B73D}.Std Release|x64.Build.0 = Std Release|x64
		{EC3F4B21-1356-4592-BC06-E2210458B73D}.Windows Debug|Win32.ActiveCfg = Windows Debug|Win32
		{EC3F4B21-1356-4592-BC06-E2210458B73D}.Windows Debug|Win32.Build.0 = Windows Debug|Win32
		{EC3F4B21-1356-4592-BC06-E2210458B73D}.Windows Debug|x64.ActiveCfg = Windows Debug|x64
		{EC3F4B21-1356-4592-BC06-E2210458B73D}.Windows Debug|x64.Build.0 = Windows Debug|x64
		{EC3F4B21-1356-4592-BC06-E2210458B73D}.Windows Release|Win32.ActiveCfg = Windows Release|Win32
		{EC3F4B21-1356-4592-BC06-E2210458B73D}.Windows Release|Win32.Build.0 = Windows Release|Win32
		{EC3F4B21-1356-4592-BC06-E2210458B73D}.Windows Release|x64.ActiveCfg = Windows Release|x64
		{EC3F4B21-1356-4592-BC06-E2210458B73D}.Windows Release|x64.Build.0 = Windows Release|x64
		{F43D91D0-CD48-427C-A446-79A146D9B012}.Boost Debug|Win32.ActiveCfg = Boost Debug|Win32
		{F43D91D0-CD48-427C-A446-79A146D9B012}.Boost Debug|Win32.Build.0 = Boost Debug|Win32
		{F43D91D0-CD48-427C-A446-79A146D9B012}.Boost Debug|x64.ActiveCfg = Boost Debug|x64
		{F43D91D0-CD48-427C-A446-79A146D9B012}.Boost Debug|x64.Build.0 = Boost Debug|x64
		{F43D91D0-CD48-427C-A446-79A146D9B012}.Boost Release|Win32.ActiveCfg = Boost Release|Win32
		{F43D91D0-CD48-427C-A446-79A146D9B012}.Boost Release|Win32.Build.0 = Boost Release|Win32
		{F43D91D0-CD48-427C-A446-79A146D9B012}.Boost Release|x64.ActiveCfg = Boost Release|x64
		{F43D91D0-CD48-427C-A446-79A146D9B012}.Boost Release|x64.Build.0 = Boost Release|x64
		{F43D91D0-CD48-427C-A446-79A146D9B012}.Std Debug|Win32.ActiveCfg = Std Debug|Win32
		{F43D91D0-CD48-427C-A446-79A146D9B012}.Std Debug|Win32.Build.0 = Std Debug|Win32
		{F43D91D0-CD48-427C-A446-79A146D9B012}.Std Debug|x64.ActiveCfg = Std Debug|x64
		{F43D91D0-CD48-427C-A446-79A146D9B012}.Std Debug|x64.Build.0 = Std Debug|x64
		{F43D91D0-CD48-427C-A446-79A146D9B012}.Std Release|Win32.ActiveCfg = Std Release|Win32
		{F43D91D0-CD48-427C-A446-79A146D9B012}.Std Release|Win32.Build.0 = Std Release|Win32
		{F43D91D0-CD48-427C-A446-79A146D9B012}.Std Release|x64.ActiveCfg = Std Release|x64
		{F43D91D0-CD48-427C-A446-79A146D9B012}.Std Release|x64.Build.0 = Std Release|x64
		{F43D91D0-CD48-427C-A446-79A146D9B012}.Windows Debug|Win32.ActiveCfg = Windows Debug|Win32
		{F43D91D0-CD48-427C-A446-79A146D9B012}.Windows Debug|Win32.Build.0 = Windows Debug|Win32
		{F43D91D0-CD48-427C-A446-79A146D9B012}.Windows Debug|x64.ActiveCfg = Windows Debug|x64
		{F43D91D0-CD48-427C-A446-79A146D9B012}.Windows Debug|x64.Build.0 = Windows Debug|x64
		{F43D91D0-CD48-427C-A446-79A146D9B012}.Windows Release|Win32.ActiveCfg = Windows Release|Win32
		{F43D91D0-CD48-427C-A446-79A146D9B012}.Windows Release|Win32.Build.0 = Windows Release|Win32
		{F43D91D0-CD48-427C-A446-79A146D9B012}.Windows Release|x64.ActiveCfg = Windows Release|x64
		{F43D91D0-CD48-427C-A446-79A146D9B012}.Windows Release|x64.Build.0 = Windows Release|x64
		{F323FA25-FCA3-45D2-BD30-A6F824F8D5A9}.Boost Debug|Win32.ActiveCfg = Boost Debug|Win32
		{F323FA25-FCA3-45D2-BD30-A6F824F8D5A9}.Boost Debug|Win32.Build.0 = Boost Debug|Win32
		{F323FA25-FCA3-45D2-BD30-A6F824F8D5A9}.Boost Debug|x64.ActiveCfg = Boost Debug|x64
		{F323FA25-FCA3-45D2-BD30-A6F824F8D5A9}.Boost Debug|x64.Build.0 = Boost Debug|x64
		{F323FA25-FCA3-45D2-BD30-A6F824F8D5A9}.Boost Release|Win32.ActiveCfg = Boost Release|Win32
		{F323FA25-FCA3-45D2-BD30-A6F824F8D5A9}.Boost Release|Win32.Build.0 = Boost Release|Win32
		{F323FA25-FCA3-45D2-BD30-A6F824F8D5A9}.Boost Release|x64.ActiveCfg = Boost Release|x64
		{F323FA25-FCA3-45D2-BD30-A6F824F8D5A9}.Boost Release|x64.Build.0 = Boost Release|x64
		{F323FA25-FCA3-45D2-BD30-A6F824F8D5A9}.Std Debug|Win32.ActiveCfg = Std Debug|Win32
		{F323FA25-FCA3-45D2-BD30-A6F824F8D5A9}.Std Debug|Win32.Build.0 = Std Debug|Win32
		{F323FA25-FCA3-45D2-BD30-A6F824F8D5A9}.Std Debug|x64.ActiveCfg = Std Debug|x64
		{F323FA25-FCA3-45D2-BD30-A6F824F8D5A9}.Std Debug|x64.Build.0 = Std Debug|x64
		{F323FA25-FCA3-45D2-BD30-A6F824F8D5A9}.Std Release|Win32.ActiveCfg = Std Release|Win32
		{F323FA25-FCA3-45D2-BD30-A6F824F8D5A9}.Std Release|Win32.Build.0 = Std Release|Win32
		{F323FA25-FCA3-45D2-BD30-A6F824F8D5A9}.Std Release|x64.ActiveCfg = Std Release|x64
		{F323FA25-FCA3-45D2-BD30-A6F824F8D5A9}.Std Release|x64.Build.0 = Std Release|x64
		{F323FA25-FCA3-45D2-BD30-A6F824F8D5A9}.Windows Debug|Win32.ActiveCfg = Windows Debug|Win32
		{F323FA25-FCA3-45D2-BD30-A6F824F8D5A9}.Windows Debug|Win32.Build.0 = Windows Debug|Win32
		{F323FA25-FCA3-45D2-BD30-A6F824F8D5A9}.Windows Debug|x64.ActiveCfg = Windows Debug|x64
		{F323FA25-FCA3-45D2-BD30-A6F824F8D5A9}.Windows Debug|x64.Build.0 = Windows Debug|x64
		{F323FA25-FCA3-45D2-BD30-A6F824F8D5A9}.Windows Release|Win32.ActiveCfg = Windows Release|Win32
		{F323FA25-FCA3-45D2-BD30-A6F824F8D5A9}.Windows Release|Win32.Build.0 = Windows Release|Win32
		{F323FA25-FCA3-45D2-BD30-A6F824F8D5A9}.Windows Release|x64.ActiveCfg = Windows Release|x64
		{F323FA25-FCA3-45D2-BD30-A6F824F8D5A9}.Windows Release|x64.Build.0 = Windows Release|x64
		{A796B0F5-D9CF-4BD2-A2E1-C9C2EF3F25C7}.Boost Debug|Win32.ActiveCfg = Boost Debug|Win32
		{A796B0F5-D9CF-4BD2-A2E1-C9C2EF3F25C7}.Boost Debug|Win32.Build.0 = Boost Debug|Win32
		{A796B0F5-D9CF-4BD2-A2E1-C9C2EF3F25C7}.Boost Debug|x64.ActiveCfg = Boost Debug|x64
		{A796B0F5-D9CF-4BD2-A2E1-C9C2EF3F25C7}.Boost Debug|x64.Build.0 = Boost Debug|x64
		{A796B0F5-D9CF-4BD2-A2E1-C9C2EF3F25C7}.Boost Release|Win32.ActiveCfg = Boost Release|Win32
		{A796B0F5-D9CF-4BD2-A2E1-C9C2EF3F25C7}.Boost Release|Win32.Build.0 = Boost Release|Win32
		{A796B0F5-D9CF-4BD2-A2E1-C9C2EF3F25C7}.Boost Release|x64.ActiveCfg = Boost Release|x64
		{A796B0F5-D9CF-4BD2-A2E1-C9C2EF3F25C7}.Boost Release|x64.Build.0 = Boost Release|x64
		{A796B0F5-D9CF-4BD2-A2E1-C9C2EF3F25C7}.Std Debug|Win32.ActiveCfg = Std Debug|Win32
		{A796B0F5-D9CF-4BD2-A2E1-C9C2EF3F25C7}.Std Debug|Win32.Build.0 = Std Debug|Win32
		{A796B0F5-D9CF-4BD2-A2E1-C9C2EF3F25C7}.Std Debug|x64.ActiveCfg = Std Debug|x64
		{A796B0F5-D9CF-4BD2-A2E1-C9C2EF3F25C7}.Std Debug|x64.Build.0 = Std Debug|x64
		{A796B0F5-D9CF-4BD2-A2E1-C9C2EF3F25C7}.Std Release|Win32.ActiveCfg = Std Release|Win32
		{A796B0F5-D9CF-4BD2-A2E1-C9C2EF3F25C7}.Std Release|Win32.Build.0 = Std Release|Win32
		{A796B0F5-D9CF-4BD2-A2E1-C9C2EF3F25C7}.Std Release|x64.ActiveCfg = Std Release|x64
		{A796B0F5-D9CF-4BD2-A2E1-C9C2EF3F25C7}.Std Release|x64.Build.0 = Std Release|x64
		{A796B0F5-D9CF-4BD2-A2E1-C9C2EF3F25C7}.Windows Debug|Win32.ActiveCfg = Windows Debug|Win32
		{A796B0F5-D9CF-4BD2-A2E1-C9C2EF3F25C7}.Windows Debug|Win32.Build.0 = Windows Debug|Win32
		{A796B0F5-D9CF-4BD2-A2E1-C9C2EF3F25C7}.Windows Debug|x64.ActiveCfg = Windows Debug|x64
		{A796B0F5-D9CF-4BD2-A2E1-C9C2EF3F25C7}.Windows Debug|x64.Build.0 = Windows Debug|x64
		{A796B0F5-D9CF-4BD2-A2E1-C9C2EF3F25C7}.Windows Release|Win32.ActiveCfg = Windows Release|Win32
		{A796B0F5-D9CF-4BD2-A2E1-C9C2EF3F25C7}.Windows Release|Win32.Build.0 = Windows Release|Win32
		{A796B0F5-D9CF-4BD2-A2E1-C9C2EF3F25C7}.Windows Release|x64.ActiveCfg = Windows Release|x64
		{A796B0F5-D9CF-4BD2-A2E1-C9C2EF3F25C7}.Windows Release|x64.Build.0 = Windows Release|x64
		{DF801517-AF6F-436C-BA71-341483374DB9}.Boost Debug|Win32.ActiveCfg = Boost Debug|Win32
		{DF801517-AF6F-436C-BA71-341483374DB9}.Boost Debug|Win32.Build.0 = Boost Debug|Win32
		{DF801517-AF6F-436C-BA71-341483374DB9}.Boost Debug|x64.ActiveCfg = Boost Debug|x64
		{DF801517-AF6F-436C-BA71-341483374DB9}.Boost Debug|x64.Build.0 = Boost Debug|x64
		{DF801517-AF6F-436C-BA71-341483374DB9}.Boost Release|Win32.ActiveCfg = Boost Release|Win32
		{DF801517-AF6F-436C-BA71-341483374DB9}.Boost Release|Win32.Build.0 = Boost Release|Win32
		{DF801517-AF6F-436C-BA71-341483374DB9}.Boost Release|x64.ActiveCfg = Boost Release|x64
		{DF801517-AF6F-436C-BA71-341483374DB9}.Boost Release|x64.Build.0 = Boost Release|x64
		{DF801517-AF6F-436C-BA71-341483374DB9}.Std Debug|Win32.ActiveCfg = Std Debug|Win32
		{DF801517-AF6F-436C-BA71-341483374DB9}.Std Debug|Win32.Build.0 = Std Debug|Win32
		{DF801517-AF6F-436C-BA71-341483374DB9}.Std Debug|x64.ActiveCfg = Std Debug|x64
		{DF801517-AF6F-436C-BA71-341483374DB9}.Std Debug|x64.Build.0 = Std Debug|x64
		{DF801517-AF6F-436C-BA71-341483374DB9}.Std Release|Win32.ActiveCfg = Std Release|Win32
		{DF801517-AF6F-436C-BA71-341483374DB9}.Std Release|Win32.Build.0 = Std Release|Win32
		{DF801517-AF6F-436C-BA71-341483374DB9}.Std Release|x64.ActiveCfg = Std Release|x64
		{DF801517-AF6F-436C-BA71-341483374DB9}.Std Release|x64.Build.0 = Std Release|x64
		{DF801517-AF6F-436C-BA71-341483374DB9}.Windows Debug|Win32.ActiveCfg = Windows Debug|Win32
		{DF801517-AF6F-436C-BA71-341483374DB9}.Windows Debug|Win32.Build.0 = Windows Debug|Win32
		{DF801517-AF6F-436C-BA71-341483374DB9}.Windows Debug|x64.ActiveCfg = Windows Debug|x64
		{DF801517-AF6F-436C-BA71-341483374DB9}.Windows Debug|x64.Build.0 = Windows Debug|x64
		{DF801517-AF6F-436C-BA71-341483374DB9}.Windows Release|Win32.ActiveCfg = Windows Release|Win32
		{DF801517-AF6F-436C-BA71-341483374DB9}.Windows Release|Win32.Build.0 = Windows Release|Win32
		{DF801517-AF6F-436C-BA71-341483374DB9}.Windows Release|x64.ActiveCfg = Windows Release|x64
		{DF801517-AF6F-436C-BA71-341483374DB9}.Windows Release|x64.Build.0 = Windows Release|x64
		{03042733-8899-4DDD-8419-8972A619FDCE}.Boost Debug|Win32.ActiveCfg = Boost Debug|Win32
		{03042733-8899-4DDD-8419-8972A619FDCE}.Boost Debug|Win32.Build.0 = Boost Debug|Win32
		{03042733-8899-4DDD-8419-8972A619FDCE}.Boost Debug|x64.ActiveCfg = Boost Debug|x64
		{03042733-8899-4DDD-8419-8972A619FDCE}.Boost Debug|x64.Build.0 = Boost Debug|x64
		{03042733-8899-4DDD-8419-8972A619FDCE}.Boost Release|Win32.ActiveCfg = Boost Release|Win32
		{03042733-8899-4DDD-8419-8972A619FDCE}.Boost Release|Win32.Build.0 = Boost Release|Win32
		{03042733-8899-4DDD-8419-8972A619FDCE}.Boost Release|x64.ActiveCfg = Boost Release|x64
		{03042733-8899-4DDD-8419-8972A619FDCE}.Boost Release|x64.Build.0 = Boost Release|x64
		{03042733-8899-4DDD-8419-8972A619FDCE}.Std Debug|Win32.ActiveCfg = Std Debug|Win32
		{03042733-8899-4DDD-8419-8972A619FDCE}.Std Debug|Win32.Build.0 = Std Debug|Win32
		{03042733-8899-4DDD-8419-8972A619FDCE}.Std Debug|x64.ActiveCfg = Std Debug|x64
		{03042733-8899-4DDD-8419-8972A619FDCE}.Std Debug|x64.Build.0 = Std Debug|x64
		{03042733-8899-4DDD-8419-8972A619FDCE}.Std Release|Win32.ActiveCfg = Std Release|Win32
		{03042733-8899-4DDD-8419-8972A619FDCE}.Std Release|Win32.Build.0 = Std Release|Win32
		{03042733-8899-4DDD-8419-8972A619FDCE}.Std Release|x64.ActiveCfg = Std Release|x64
		{03042733-8899-4DDD-8419-8972A619FDCE}.Std Release|x64.Build.0 = Std Release|x64
		{03042733-8899-4DDD-8419-8972A619FDCE}.Windows Debug|Win32.ActiveCfg = Windows Debug|Win32
		{03042733-8899-4DDD-8419-8972A619FDCE}.Windows Debug|Win32.Build.0 = Windows Debug|Win32
		{03042733-8899-4DDD-8419-8972A619FDCE}.Windows Debug|x64.ActiveCfg = Windows Debug|x64
		{03042733-8899-4DDD-8419-8972A619FDCE}.Windows Debug|x64.Build.0 = Windows Debug|x64
		{03042733-8899-4DDD-8419-8972A619FDCE}.Windows Release|Win32.ActiveCfg = Windows Release|Win32
		{03042733-8899-4DDD-8419-8972A619FDCE}.Windows Release|Win32.Build.0 = Windows Release|Win32
		{03042733-8899-4DDD-8419-8972A619FDCE}.Windows Release|x64.ActiveCfg = Windows Release|x64
		{03042733-8899-4DDD-8419-8972A619FDCE}.Windows Release|x64.Build.0 = Windows Release|x64
		{E2B3F10E-C381-4C10-86E0-AB5E7BB4D4A3}.Boost Debug|Win32.ActiveCfg = Boost Debug|Win32
		{E2B3F10E-C381-4C10-86E0-AB5E7BB4D4A3}.Boost Debug|Win32.Build.0 = Boost Debug|Win32
		{E2B3F10E-C381-4C10-86E0-AB5E7BB4D4A3}.Boost Debug|x64.ActiveCfg = Boost Debug|x64
		{E2B3F10E-C381-4C10-86E0-AB5E7BB4D4A3}.Boost Debug|x64.Build.0 = Boost Debug|x64
		{E2B3F10E-C381-4C10-86E0-AB5E7BB4D4A3}.Boost Release|Win32.ActiveCfg = Boost Release|Win32
		{E2B3F10E-C381-4C10-86E0-AB5E7BB4D4A3}.Boost Release|Win32.Build.0 = Boost Release|Win32
		{E2B3F10E-C381-4C10-86E0-AB5E7BB4D4A3}.Boost Release|x64.ActiveCfg = Boost Release|x64
		{E2B3F10E-C381-4C10-86E0-AB5E7BB4D4A3}.Boost Release|x64.Build.0 = Boost Release|x64
		{E2B3F10E-C381-4C10-86E0-AB5E7BB4D4A3}.Std Debug|Win32.ActiveCfg = Std Debug|Win32
		{E2B3F10E-C381-4C10-86E0-AB5E7BB4D4A3}.Std Debug|Win32.Build.0 = Std Debug|Win32
		{E2B3F10E-C381-4C10-86E0-AB5E7BB4D4A3}.Std Debug|x64.ActiveCfg = Std Debug|x64
		{E2B3F10E-C381-4C10-86E0-AB5E7BB4D4A3}.Std Debug|x64.Build.0 = Std Debug|x64
		{E2B3F10E-C381-4C10-86E0-AB5E7BB4D4A3}.Std Release|Win32.ActiveCfg = Std Release|Win32
		{E2B3F10E-C381-4C10-86E0-AB5E7BB4D4A3}.Std Release|Win32.Build.0 = Std Release|Win32
		{E2B3F10E-C381-4C10-86E0-AB5E7BB4D4A3}.Std Release|x64.ActiveCfg = Std Release|x64
		{E2B3F10E-C381-4C10-86E0-AB5E7BB4D4A3}.Std Release|x64.Build.0 = Std Release|x64
		{E2B3F10E-C381-4C10-86E0-AB5E7BB4D4A3}.Windows Debug|Win32.ActiveCfg = Windows Debug|Win32
		{E2B3F10E-C381-4C10-86E0-AB5E7BB4D4A3}.Windows Debug|Win32.Build.0 = Windows Debug|Win32
		{E2B3F10E-C381-4C10-86E0-AB5E7BB4D4A3}.Windows Debug|x64.ActiveCfg = Windows Debug|x64
		{E2B3F10E-C381-4C10-86E0-AB5E7BB4D4A3}.Windows Debug|x64.Build.0 = Windows Debug|x64
		{E2B3F10E-C381-4C10-86E0-AB5E7BB4D4A3}.Windows Release|Win32.ActiveCfg = Windows Release|Win32
		{E2B3F10E-C381-4C10-86E0-AB5E7BB4D4A3}.Windows Release|Win32.Build.0 = Windows Release|Win32
		{E2B3F10E-C381-4C10-86E0-AB5E7BB4D4A3}.Windows Release|x64.ActiveCfg = Windows Release|x64
		{E2B3F10E-C381-4C10-86E0-AB5E7BB4D4A3}.Windows Release|x64.Build.0 = Windows Release|x64
		{51CE575E-2096-4C4B-A749-DC851DDCA6D9}.Boost Debug|Win32.ActiveCfg = Boost Debug|Win32
		{51CE575E-2096-4C4B-A749-DC851DDCA6D9}.Boost Debug|Win32.Build.0 = Boost Debug|Win32
		{51CE575E-2096-4C4B-A749-DC851DDCA6D9}.Boost Debug|x64.ActiveCfg = Boost Debug|x64
		{51CE575E-2096-4C4B-A749-DC851DDCA6D9}.Boost Debug|x64.Build.0 = Boost Debug|x64
		{51CE575E-2096-4C4B-A749-DC851DDCA6D9}.Boost Release|Win32.ActiveCfg = Boost Release|Win32
		{51CE575E-2096-4C4B-A749-DC851DDCA6D9}.Boost Release|Win32.Build.0 = Boost Release|Win32
		{51CE575E-2096-4C4B-A749-DC851DDCA6D9}.Boost Release|x64.ActiveCfg = Boost Release|x64
		{51CE575E-2096-4C4B-A749-DC851DDCA6D9}.Boost Release|x64.Build.0 = Boost Release|x64
		{51CE575E-2096-4C4B-A749-DC851DDCA6D9}.Std Debug|Win32.ActiveCfg = Std Debug|Win32
		{51CE575E-2096-4C4B-A749-DC851DDCA6D9}.Std Debug|Win32.Build.0 = Std Debug|Win32
		{51CE575E-2096-4C4B-A749-DC851DDCA6D9}.Std Debug|x64.ActiveCfg = Std Debug|x64
		{51CE575E-2096-4C4B-A749-DC851DDCA6D9}.Std Debug|x64.Build.0 = Std Debug|x64
		{51CE575E-2096-4C4B-A749-DC851DDCA6D9}.Std Release|Win32.ActiveCfg = Std Release|Win32
		{51CE575E-2096-4C4B-A749-DC851DDCA6D9}.Std Release|Win32.Build.0 = Std Release|Win32
		{51CE575E-2096-4C4B-A749-DC851DDCA6D9}.Std Release|x64.ActiveCfg = Std Release|x64
		{51CE575E-2096-4C4B-A749-DC851DDCA6D9}.Std Release|x64.Build.0 = Std Release|x64
		{51CE575E-2096-4C4B-A749-DC851DDCA6D9}.Windows Debug|Win32.ActiveCfg = Windows Debug|Win32
		{51CE575E-2096-4C4B-A749-DC851DDCA6D9}.Windows Debug|Win32.Build.0 = Windows Debug|Win32
		{51CE575E-2096-4C4B-A749-DC851DDCA6D9}.Windows Debug|x64.ActiveCfg = Windows Debug|x64
		{51CE575E-2096-4C4B-A749-DC851DDCA6D9}.Windows Debug|x64.Build.0 = Windows Debug|x64
		{51CE575E-2096-4C4B-A749-DC851DDCA6D9}.Windows Release|Win32.ActiveCfg = Windows Release|Win32
		{51CE575E-2096-4C4B-A749-DC851DDCA6D9}.Windows Release|Win32.Build.0 = Windows Release|Win32
		{51CE575E-2096-4C4B-A749-DC851DDCA6D9}.Windows Release|x64.ActiveCfg = Windows Release|x64
		{51CE575E-2096-4C4B-A749-DC851DDCA6D9}.Windows Release|x64.Build.0 = Windows Release|x64
		{0B4D9672-ADC7-4848-B312-F0805B594D02}.Boost Debug|Win32.ActiveCfg = Boost Debug|Win32
		{0B4D9672-ADC7-4848-B312-F0805B594D02}.Boost Debug|Win32.Build.0 = Boost Debug|Win32
		{0B4D9672-ADC7-4848-B312-F0805B594D02}.Boost Debug|x64.ActiveCfg = Boost Debug|x64
		{0B4D9672-ADC7-4848-B312-F0805B594D02}.Boost Debug|x64.Build.0 = Boost Debug|x64
		{0B4D9672-ADC7-4848-B312-F0805B594D02}.Boost Release|Win32.ActiveCfg = Boost Release|Win32
		{0B4D9672-ADC7-4848-B312-F0805B594D02}.Boost Release|Win32.Build.0 = Boost Release|Win32
		{0B4D9672-ADC7-4848-B312-F0805B594D02}.Boost Release|x64.ActiveCfg = Boost Release|x64
		{0B4D9672-ADC7-4848-B312-F0805B594D02}.Boost Release|x64.Build.0 = Boost Release|x64
		{0B4D9672-ADC7-4848-B312-F0805B594D02}.Std Debug|Win32.ActiveCfg = Std Debug|Win32
		{0B4D9672-ADC7-4848-B312-F0805B594D02}.Std Debug|Win32.Build.0 = Std Debug|Win32
		{0B4D9672-ADC7-4848-B312-F0805B594D02}.Std Debug|x64.ActiveCfg = Std Debug|x64
		{0B4D9672-ADC7-4848-B312-F0805B594D02}.Std Debug|x64.Build.0 = Std Debug|x64
		{0B4D9672-ADC7-4848-B312-F0805B594D02}.Std Release|Win32.ActiveCfg = Std Release|Win32
		{0B4D9672-ADC7-4848-B312-F0805B594D02}.Std Release|Win32.Build.0 = Std Release|Win32
		{0B4D9672-ADC7-4848-B312-F0805B594D02}.Std Release|x64.ActiveCfg = Std Release|x64
		{0B4D9672-ADC7-4848-B312-F0805B594D02}.Std Release|x64.Build.0 = Std Release|x64
		{0B4D9672-ADC7-4848-B312-F0805B594D02}.Windows Debug|Win32.ActiveCfg = Windows Debug|Win32
		{0B4D9672-ADC7-4848-B312-F0805B594D02}.Windows Debug|Win32.Build.0 = Windows Debug|Win32
		{0B4D9672-ADC7-4848-B312-F0805B594D02}.Windows Debug|x64.ActiveCfg = Windows Debug|x64
		{0B4D9672-ADC7-4848-B312-F0805B594D02}.Windows Debug|x64.Build.0 = Windows Debug|x64
		{0B4D9672-ADC7-4848-B312-F0805B594D02}.Windows Release|Win32.ActiveCfg = Windows Release|Win32
		{0B4D9672-ADC7-4848-B312-F0805B594D02}.Windows Release|Win32.Build.0 = Windows Release|Win32
		{0B4D9672-ADC7-4848-B312-F0805B594D02}.Windows Release|x64.ActiveCfg = Windows Release|x64
		{0B4D9672-ADC7-4848-B312-F0805B594D02}.Windows Release|x64.Build.0 = Windows Release|x64
		{FC7F8782-BDBC-4BB2-920C-666BA7D4AB9B}.Boost Debug|Win32.ActiveCfg = Boost Debug|Win32
		{FC7F8782-BDBC-4BB2-920C-666BA7D4AB9B}.Boost Debug|Win32.Build.0 = Boost Debug|Win32
		{FC7F8782-BDBC-4BB2-920C-666BA7D4AB9B}.Boost Debug|x64.ActiveCfg = Boost Debug|x64
		{FC7F8782-BDBC-4BB2-920C-666BA7D4AB9B}.Boost Debug|x64.Build.0 = Boost Debug|x64
		{FC7F8782-BDBC-4BB2-920C-666BA7D4AB9B}.Boost Release|Win32.ActiveCfg = Boost Release|Win32
		{FC7F8782-BDBC-4BB2-920C-666BA7D4AB9B}.Boost Release|Win32.Build.0 = Boost Release|Win32
		{FC7F8782-BDBC-4BB2-920C-666BA7D4AB9B}.Boost Release|x64.ActiveCfg = Boost Release|x64
		{FC7F8782-BDBC-4BB2-920C-666BA7D4AB9B}.Boost Release|x64.Build.0 = Boost Release|x64
		{FC7F8782-BDBC-4BB2-920C-666BA7D4AB9B}.Std Debug|Win32.ActiveCfg = Std Debug|Win32
		{FC7F8782-BDBC-4BB2-920C-666BA7D4AB9B}.Std Debug|Win32.Build.0 = Std Debug|Win32
		{FC7F8782-BDBC-4BB2-920C-666BA7D4AB9B}.Std Debug|x64.ActiveCfg = Std Debug|x64
		{FC7F8782-BDBC-4BB2-920C-666BA7D4AB9B}.Std Debug|x64.Build.0 = Std Debug|x64
		{FC7F8782-BDBC-4BB2-920C-666BA7D4AB9B}.Std Release|Win32.ActiveCfg = Std Release|Win32
		{FC7F8782-BDBC-4BB2-920C-666BA7D4AB9B}.Std Release|Win32.Build.0 = Std Release|Win32
		{FC7F8782-BDBC-4BB2-920C-666BA7D4AB9B}.Std Release|x64.ActiveCfg = Std Release|x64
		{FC7F8782-BDBC-4BB2-920C-666BA7D4AB9B}.Std Release|x64.Build.0 = Std Release|x64
		{FC7F8782-BDBC-4BB2-920C-666BA7D4AB9B}.Windows Debug|Win32.ActiveCfg = Windows Debug|Win32
		{FC7F8782-BDBC-4BB2-920C-666BA7D4AB9B}.Windows Debug|Win32.Build.0 = Windows Debug|Win32
		{FC7F8782-BDBC-4BB2-920C-666BA7D4AB9B}.Windows Debug|x64.ActiveCfg = Windows Debug|x64
		{FC7F8782-BDBC-4BB2-920C-666BA7D4AB9B}.Windows Debug|x64.Build.0 = Windows Debug|x64
		{FC7F8782-BDBC-4BB2-920C-666BA7D4AB9B}.Windows Release|Win32.ActiveCfg = Windows Release|Win32
		{FC7F8782-BDBC-4BB2-920C-666BA7D4AB9B}.Windows Release|Win32.Build.0 = Windows Release|Win32
		{FC7F8782-BDBC-4BB2-920C-666BA7D4AB9B}.Windows Release|x64.ActiveCfg = Windows Release|x64
		{FC7F8782-BDBC-4BB2-920C-666BA7D4AB9B}.Windows Release|x64.Build.0 = Windows Release|x64
		{1D09B49C-7FB5-47BA-8427-78B7912181D1}.Boost Debug|Win32.ActiveCfg = Boost Debug|Win32
		{1D09B49C-7FB5-47BA-8427-78B7912181D1}.Boost Debug|Win32.Build.0 = Boost Debug|Win32
		{1D09B49C-7FB5-47BA-8427-78B7912181D1}.Boost Debug|x64.ActiveCfg = Boost Debug|x64
		{1D09B49C-7FB5-47BA-8427-78B7912181D1}.Boost Debug|x64.Build.0 = Boost Debug|x64
		{1D09B49C-7FB5-47BA-8427-78B7912181D1}.Boost Release|Win32.ActiveCfg = Boost Release|Win32
		{1D09B49C-7FB5-47BA-8427-78B7912181D1}.Boost Release|Win32.Build.0 = Boost Release|Win32
		{1D09B49C-7FB5-47BA-8427-78B7912181D1}.Boost Release|x64.ActiveCfg = Boost Release|x64
		{1D09B49C-7FB5-47BA-8427-78B7912181D1}.Boost Release|x64.Build.0 = Boost Release|x64
		{1D09B49C-7FB5-47BA-8427-78B7912181D1}.Std Debug|Win32.ActiveCfg = Std Debug|Win32
		{1D09B49C-7FB5-47BA-8427-78B7912181D1}.Std Debug|Win32.Build.0 = Std Debug|Win32
		{1D09B49C-7FB5-47BA-8427-78B7912181D1}.Std Debug|x64.ActiveCfg = Std Debug|x64
		{1D09B49C-7FB5-47BA-8427-78B7912181D1}.Std Debug|x64.Build.0 = Std Debug|x64
		{1D09B49C-7FB5-47BA-8427-78B7912181D1}.Std Release|Win32.ActiveCfg = Std Release|Win32
		{1D09B49C-7FB5-47BA-8427-78B7912181D1}.Std Release|Win32.Build.0 = Std Release|Win32
		{1D09B49C-7FB5-47BA-8427-78B7912181D1}.Std Release|x64.ActiveCfg = Std Release|x64
		{1D09B49C-7FB5-47BA-8427-78B7912181D1}.Std Release|x64.Build.0 = Std Release|x64
		{1D09B49C-7FB5-47BA-8427-78B7912181D1}.Windows Debug|Win32.ActiveCfg = Windows Debug|Win32
		{1D09B49C-7FB5-47BA-8427-78B7912181D1}.Windows Debug|Win32.Build.0 = Windows Debug|Win32
		{1D09B49C-7FB5-47BA-8427-78B7912181D1}.Windows Debug|x64.ActiveCfg = Windows Debug|x64
		{1D09B49C-7FB5-47BA-8427-78B7912181D1}.Windows Debug|x64.Build.0 = Windows Debug|x64
		{1D09B49C-7FB5-47BA-8427-78B7912181D1}.Windows Release|Win32.ActiveCfg = Windows Release|Win32
		{1D09B49C-7FB5-47BA-8427-78B7912181D1}.Windows Release|Win32.Build.0 = Windows Release|Win32
		{1D09B49C-7FB5-47BA-8427-78B7912181D1}.Windows Release|x64.ActiveCfg = Windows Release|x64
		{1D09B49C-7FB5-47BA-8427-78B7912181D1}.Windows Release|x64.Build.0 = Windows Release|x64
		{36D5973E-5266-4BA2-B6B1-4045D12FD49D}.Boost Debug|Win32.ActiveCfg = Boost Debug|Win32
		{36D5973E-5266-4BA2-B6B1-4045D12FD49D}.Boost Debug|Win32.Build.0 = Boost Debug|Win32
		{36D5973E-5266-4BA2-B6B1-4045D12FD49D}.Boost Debug|x64.ActiveCfg = Boost Debug|x64
		{36D5973E-5266-4BA2-B6B1-4045D12FD49D}.Boost Debug|x64.Build.0 = Boost Debug|x64
		{36D5973E-5266-4BA2-B6B1-4045D12FD49D}.Boost Release|Win32.ActiveCfg = Boost Release|Win32
		{36D5973E-5266-4BA2-B6B1-4045D12FD49D}.Boost Release|Win32.Build.0 = Boost Release|Win32
		{36D5973E-5266-4BA2-B6B1-4045D12FD49D}.Boost Release|x64.ActiveCfg = Boost Release|x64
		{36D5973E-5266-4BA2-B6B1-4045D12FD49D}.Boost Release|x64.Build.0 = Boost Release|x64
		{36D5973E-5266-4BA2-B6B1-4045D12FD49D}.Std Debug|Win32.ActiveCfg = Std Debug|Win32
		{36D5973E-5266-4BA2-B6B1-4045D12FD49D}.Std Debug|Win32.Build.0 = Std Debug|Win32
		{36D5973E-5266-4BA2-B6B1-4045D12FD49D}.Std Debug|x64.ActiveCfg = Std Debug|x64
		{36D5973E-5266-4BA2-B6B1-4045D12FD49D}.Std Debug|x64.Build.0 = Std Debug|x64
		{36D5973E-5266-4BA2-B6B1-4045D12FD49D}.Std Release|Win32.ActiveCfg = Std Release|Win32
		{36D5973E-5266-4BA2-B6B1-4045D12FD49D}.Std Release|Win32.Build.0 = Std Release|Win32
		{36D5973E-5266-4BA2-B6B1-4045D12FD49D}.Std Release|x64.ActiveCfg = Std Release|x64
		{36D5973E-5266-4BA2-B6B1-4045D12FD49D}.Std Release|x64.Build.0 = Std Release|x64
		{36D5973E-5266-4BA2-B6B1-4045D12FD49D}.Windows Debug|Win32.ActiveCfg = Windows Debug|Win32
		{36D5973E-5266-4BA2-B6B1-4045D12FD49D}.Windows Debug|Win32.Build.0 = Windows Debug|Win32
		{36D5973E-5266-4BA2-B6B1-4045D12FD49D}.Windows Debug|x64.ActiveCfg = Windows Debug|x64
		{36D5973E-5266-4BA2-B6B1-4045D12FD49D}.Windows Debug|x64.Build.0 = Windows Debug|x64
		{36D5973E-5266-4BA2-B6B1-4045D12FD49D}.Windows Release|Win32.ActiveCfg = Windows Release|Win32
		{36D5973E-5266-4BA2-B6B1-4045D12FD49D}.Windows Release|Win32.Build.0 = Windows Release|Win32
		{36D5973E-5266-4BA2-B6B1-4045D12FD49D}.Windows Release|x64.ActiveCfg = Windows Release|x64
		{36D5973E-5266-4BA2-B6B1-4045D12FD49D}.Windows Release|x64.Build.0 = Windows Release|x64
		{EBC7B2E2-5210-47BF-872E-79BE041BDA73}.Boost Debug|Win32.ActiveCfg = Boost Debug|Win32
		{EBC7B2E2-5210-47BF-872E-79BE041BDA73}.Boost Debug|Win32.Build.0 = Boost Debug|Win32
		{EBC7B2E2-5210-47BF-872E-79BE041BDA73}.Boost Debug|x64.ActiveCfg = Boost Debug|x64
		{EBC7B2E2-5210-47BF-872E-79BE041BDA73}.Boost Debug|x64.Build.0 = Boost Debug|x64
		{EBC7B2E2-5210-47BF-872E-79BE041BDA73}.Boost Release|Win32.ActiveCfg = Boost Release|Win32
		{EBC7B2E2-5210-47BF-872E-79BE041BDA73}.Boost Release|Win32.Build.0 = Boost Release|Win32
		{EBC7B2E2-5210-47BF-872E-79BE041BDA73}.Boost Release|x64.ActiveCfg = Boost Release|x64
		{EBC7B2E2-5210-47BF-872E-79BE041BDA73}.Boost Release|x64.Build.0 = Boost Release|x64
		{EBC7B2E2-5210-47BF-872E-79BE041BDA73}.Std Debug|Win32.ActiveCfg = Std Debug|Win32
		{EBC7B2E2-5210-47BF-872E-79BE041BDA73}.Std Debug|Win32.Build.0 = Std Debug|Win32
		{EBC7B2E2-5210-47BF-872E-79BE041BDA73}.Std Debug|x64.ActiveCfg = Std Debug|x64
		{EBC7B2E2-5210-47BF-872E-79BE041BDA73}.Std Debug|x64.Build.0 = Std Debug|x64
		{EBC7B2E2-5210-47BF-872E-79BE041BDA73}.Std Release|Win32.ActiveCfg = Std Release|Win32
		{EBC7B2E2-5210-47BF-872E-79BE041BDA73}.Std Release|Win32.Build.0 = Std Release|Win32
		{EBC7B2E2-5210-47BF-872E-79BE041BDA73}.Std Release|x64.ActiveCfg = Std Release|x64
		{EBC7B2E2-5210-47BF-872E-79BE041BDA73}.Std Release|x64.Build.0 = Std Release|x64
		{EBC7B2E2-5210-47BF-872E-79BE041BDA73}.Windows Debug|Win32.ActiveCfg = Windows Debug|Win32
		{EBC7B2E2-5210-47BF-872E-79BE041BDA73}.Windows Debug|Win32.Build.0 = Windows Debug|Win32
		{EBC7B2E2-5210-47BF-872E-79BE041BDA73}.Windows Debug|x64.ActiveCfg = Windows Debug|x64
		{EBC7B2E2-5210-47BF-872E-79BE041BDA73}.Windows Debug|x64.Build.0 = Windows Debug|x64
		{EBC7B2E2-5210-47BF-872E-79BE041BDA73}.Windows Release|Win32.ActiveCfg = Windows Release|Win32
		{EBC7B2E2-5210-47BF-872E-79BE041BDA73}.Windows Release|Win32.Build.0 = Windows Release|Win32
		{EBC7B2E2-5210-47BF-872E-79BE041BDA73}.Windows Release|x64.ActiveCfg = Windows Release|x64
		{EBC7B2E2-5210-47BF-872E-79BE041BDA73}.Windows Release|x64.Build.0 = Windows Release|x64
	EndGlobalSection
	GlobalSection(SolutionProperties) = preSolution
		HideSolutionNode = FALSE
	EndGlobalSection
	GlobalSection(NestedProjects) = preSolution
		{A2ADF1E2-555D-4F4B-B54B-AF00F44A1EE4} = {9D356C98-020B-47E9-A711-9BC5E909F621}
		{AA5243CF-58E3-4C07-933C-9BCF0282F291} = {9D356C98-020B-47E9-A711-9BC5E909F621}
		{EC3FDE35-9035-44B5-8034-E52EE3AC3A14} = {9D356C98-020B-47E9-A711-9BC5E909F621}
		{987EF808-E877-4BDB-B9EC-8A6F63D0862C} = {9D356C98-020B-47E9-A711-9BC5E909F621}
		{FE2A385A-544E-424E-936F-9CB2B0EB5C0D} = {9D356C98-020B-47E9-A711-9BC5E909F621}
		{FCD6CA9B-705E-4EF6-BA3A-C6C2DAD36D05} = {9D356C98-020B-47E9-A711-9BC5E909F621}
		{3736EA35-2243-4473-B20B-B7B0F1AC5A33} = {9D356C98-020B-47E9-A711-9BC5E909F621}
		{9B7E1F93-4751-4198-B98E-2468C1EED4A7} = {9D356C98-020B-47E9-A711-9BC5E909F621}
		{98A893EE-5134-4E95-9E94-DC732F24C3B0} = {9D356C98-020B-47E9-A711-9BC5E909F621}
		{2720DC5E-1010-48D2-A30E-E5308B504D65} = {9D356C98-020B-47E9-A711-9BC5E909F621}
		{0DD1EED5-D0FA-49A5-BE29-51651E31F5C0} = {9D356C98-020B-47E9-A711-9BC5E909F621}
		{43B87FE0-0264-4F7A-B9A7-27BCB21FF3DA} = {9D356C98-020B-47E9-A711-9BC5E909F621}
		{95F5E666-BAE9-418F-BC64-FBB04FA94383} = {9D356C98-020B-47E9-A711-9BC5E909F621}
		{E8A6DB79-1438-45B2-9795-E7A646D6147C} = {9D356C98-020B-47E9-A711-9BC5E909F621}
		{468BD38C-24DA-469C-A398-2569CC30CC9B} = {9D356C98-020B-47E9-A711-9BC5E909F621}
		{D371EBF2-147D-4FF1-8DC9-C66969532DB8} = {9D356C98-020B-47E9-A711-9BC5E909F621}
		{83BE6002-AC46-429E-818B-5FB9A1933FB7} = {9D356C98-020B-47E9-A711-9BC5E909F621}
		{EC3F4B21-1356-4592-BC06-E2210458B73D} = {9D356C98-020B-47E9-A711-9BC5E909F621}
		{F43D91D0-CD48-427C-A446-79A146D9B012} = {9D356C98-020B-47E9-A711-9BC5E909F621}
		{03042733-8899-4DDD-8419-8972A619FDCE} = {9D356C98-020B-47E9-A711-9BC5E909F621}
		{E2B3F10E-C381-4C10-86E0-AB5E7BB4D4A3} = {9D356C98-020B-47E9-A711-9BC5E909F621}
		{FDEC3D08-70CC-4B16-98DB-1CA3DA8AEAD4} = {9D356C98-020B-47E9-A711-9BC5E909F621}
		{1D09B49C-7FB5-47BA-8427-78B7912181D1} = {9D356C98-020B-47E9-A711-9BC5E909F621}
		{36D5973E-5266-4BA2-B6B1-4045D12FD49D} = {9D356C98-020B-47E9-A711-9BC5E909F621}
		{CA503BD2-DDC1-4CF4-9D76-F436DF8BA2B4} = {E7BC37AF-4FB5-4235-BF5B-3E94F06F434F}
		{A796B0F5-D9CF-4BD2-A2E1-C9C2EF3F25C7} = {7515E893-E105-464E-8016-D883AEB55A2E}
		{DF801517-AF6F-436C-BA71-341483374DB9} = {7515E893-E105-464E-8016-D883AEB55A2E}
		{51CE575E-2096-4C4B-A749-DC851DDCA6D9} = {7515E893-E105-464E-8016-D883AEB55A2E}
		{0B4D9672-ADC7-4848-B312-F0805B594D02} = {7515E893-E105-464E-8016-D883AEB55A2E}
		{FC7F8782-BDBC-4BB2-920C-666BA7D4AB9B} = {7515E893-E105-464E-8016-D883AEB55A2E}
		{F323FA25-FCA3-45D2-BD30-A6F824F8D5A9} = {7515E893-E105-464E-8016-D883AEB55A2E}
		{EBC7B2E2-5210-47BF-872E-79BE041BDA73} = {7515E893-E105-464E-8016-D883AEB55A2E}
	EndGlobalSection
EndGlobal
